// !$*UTF8*$!
{
	archiveVersion = 1;
	classes = {
	};
	objectVersion = 56;
	objects = {

/* Begin PBXBuildFile section */
		4F085E392994EF2F004099C1 /* ActionButtons.ViewModel.swift in Sources */ = {isa = PBXBuildFile; fileRef = 4F085E382994EF2F004099C1 /* ActionButtons.ViewModel.swift */; };
		4F4E64A7295F9AB600D4F04D /* CustomFontsScene.ViewModel.swift in Sources */ = {isa = PBXBuildFile; fileRef = 4F4E64A6295F9AB600D4F04D /* CustomFontsScene.ViewModel.swift */; };
		4FE5EF312963E460003384EC /* NoticeView.swift in Sources */ = {isa = PBXBuildFile; fileRef = 4FE5EF302963E460003384EC /* NoticeView.swift */; };
		4FE5EF3329640075003384EC /* WDBImportCustomFontPickerViewControllerDelegate.swift in Sources */ = {isa = PBXBuildFile; fileRef = 4FE5EF3229640075003384EC /* WDBImportCustomFontPickerViewControllerDelegate.swift */; };
		4FE5EF3529653188003384EC /* FontMap.swift in Sources */ = {isa = PBXBuildFile; fileRef = 4FE5EF3429653188003384EC /* FontMap.swift */; };
		4FE5EF38296561A5003384EC /* FileEditorView.swift in Sources */ = {isa = PBXBuildFile; fileRef = 4FE5EF37296561A5003384EC /* FileEditorView.swift */; };
		4FE5EF3A296561B2003384EC /* FileEditorView.ViewModel.swift in Sources */ = {isa = PBXBuildFile; fileRef = 4FE5EF39296561B2003384EC /* FileEditorView.ViewModel.swift */; };
		4FE5EF3E29664537003384EC /* ProgressManager.swift in Sources */ = {isa = PBXBuildFile; fileRef = 4FE5EF3D29664537003384EC /* ProgressManager.swift */; };
		4FE5EF4129668C9C003384EC /* AlignedRowContentView.swift in Sources */ = {isa = PBXBuildFile; fileRef = 4FE5EF4029668C9C003384EC /* AlignedRowContentView.swift */; };
		4FE5EF452966AD87003384EC /* FontDiscoveryScene.swift in Sources */ = {isa = PBXBuildFile; fileRef = 4FE5EF442966AD87003384EC /* FontDiscoveryScene.swift */; };
		4FE5EF472966AD98003384EC /* FontDiscoveryScene.ViewModel.swift in Sources */ = {isa = PBXBuildFile; fileRef = 4FE5EF462966AD98003384EC /* FontDiscoveryScene.ViewModel.swift */; };
		4FE5EF492966AE1A003384EC /* FontDiscoveryCard.swift in Sources */ = {isa = PBXBuildFile; fileRef = 4FE5EF482966AE1A003384EC /* FontDiscoveryCard.swift */; };
		4FE5EF4B2966AE72003384EC /* FontDiscoveryCard.ViewModel.swift in Sources */ = {isa = PBXBuildFile; fileRef = 4FE5EF4A2966AE72003384EC /* FontDiscoveryCard.ViewModel.swift */; };
		4FF28A0E2967955400143640 /* PresetFontsScene.swift in Sources */ = {isa = PBXBuildFile; fileRef = 4FF28A0D2967955400143640 /* PresetFontsScene.swift */; };
		4FF28A102967956300143640 /* PresetFontsScene.ViewModel.swift in Sources */ = {isa = PBXBuildFile; fileRef = 4FF28A0F2967956300143640 /* PresetFontsScene.ViewModel.swift */; };
		4FF28A1229679EEC00143640 /* ExplanationView.swift in Sources */ = {isa = PBXBuildFile; fileRef = 4FF28A1129679EEC00143640 /* ExplanationView.swift */; };
		4FF28A142967AA2D00143640 /* ActionButtons.swift in Sources */ = {isa = PBXBuildFile; fileRef = 4FF28A132967AA2D00143640 /* ActionButtons.swift */; };
		4FF28A162967B77800143640 /* _UIKeyboardCache.m in Sources */ = {isa = PBXBuildFile; fileRef = 4FF28A152967B77800143640 /* _UIKeyboardCache.m */; };
		6500C4172A763226007C2370 /* grant_full_disk_access.m in Sources */ = {isa = PBXBuildFile; fileRef = 6500C40C2A763226007C2370 /* grant_full_disk_access.m */; };
		6500C4182A763226007C2370 /* helpers.m in Sources */ = {isa = PBXBuildFile; fileRef = 6500C40D2A763226007C2370 /* helpers.m */; };
		6500C4192A763226007C2370 /* thanks_opa334dev_htrowii.m in Sources */ = {isa = PBXBuildFile; fileRef = 6500C40E2A763226007C2370 /* thanks_opa334dev_htrowii.m */; };
		6500C41A2A763226007C2370 /* krw.c in Sources */ = {isa = PBXBuildFile; fileRef = 6500C40F2A763226007C2370 /* krw.c */; };
		6500C41B2A763226007C2370 /* offsets.m in Sources */ = {isa = PBXBuildFile; fileRef = 6500C4102A763226007C2370 /* offsets.m */; };
		6500C41C2A763226007C2370 /* vnode.c in Sources */ = {isa = PBXBuildFile; fileRef = 6500C4112A763226007C2370 /* vnode.c */; };
		6500C41D2A763226007C2370 /* proc.c in Sources */ = {isa = PBXBuildFile; fileRef = 6500C4122A763226007C2370 /* proc.c */; };
		C55CF776295BA9B1000DE71C /* BrotliPadding.swift in Sources */ = {isa = PBXBuildFile; fileRef = C55CF775295BA9B1000DE71C /* BrotliPadding.swift */; };
		C5A95F46295964AE00C58FDB /* PreviewFonts in Resources */ = {isa = PBXBuildFile; fileRef = C5A95F45295964AE00C58FDB /* PreviewFonts */; };
		C5C9A7932959261000466D87 /* WDBFontOverwriteApp.swift in Sources */ = {isa = PBXBuildFile; fileRef = C5C9A7922959261000466D87 /* WDBFontOverwriteApp.swift */; };
		C5C9A7952959261000466D87 /* CustomFontsScene.swift in Sources */ = {isa = PBXBuildFile; fileRef = C5C9A7942959261000466D87 /* CustomFontsScene.swift */; };
		C5C9A7972959261200466D87 /* Assets.xcassets in Resources */ = {isa = PBXBuildFile; fileRef = C5C9A7962959261200466D87 /* Assets.xcassets */; };
		C5C9A79A2959261200466D87 /* Preview Assets.xcassets in Resources */ = {isa = PBXBuildFile; fileRef = C5C9A7992959261200466D87 /* Preview Assets.xcassets */; };
		C5C9A7A12959263A00466D87 /* OverwriteFontImpl.swift in Sources */ = {isa = PBXBuildFile; fileRef = C5C9A7A02959263A00466D87 /* OverwriteFontImpl.swift */; };
		C5C9A7A32959341600466D87 /* RepackedFonts in Resources */ = {isa = PBXBuildFile; fileRef = C5C9A7A22959341600466D87 /* RepackedFonts */; };
		C82854152A781CDD0050E059 /* Dynamic in Frameworks */ = {isa = PBXBuildFile; productRef = C82854142A781CDD0050E059 /* Dynamic */; };
		C832BDD02A76374500F0D136 /* fun.m in Sources */ = {isa = PBXBuildFile; fileRef = C832BDCF2A76374500F0D136 /* fun.m */; };
		C832BDD92A76475600F0D136 /* vm_unaligned_copy_switch_race.c in Sources */ = {isa = PBXBuildFile; fileRef = C832BDD82A76475600F0D136 /* vm_unaligned_copy_switch_race.c */; };
		C842B8F82A76821F0012C54E /* LaunchKexploit.swift in Sources */ = {isa = PBXBuildFile; fileRef = C842B8F72A76821F0012C54E /* LaunchKexploit.swift */; };
/* End PBXBuildFile section */

/* Begin PBXFileReference section */
		4F085E382994EF2F004099C1 /* ActionButtons.ViewModel.swift */ = {isa = PBXFileReference; lastKnownFileType = sourcecode.swift; path = ActionButtons.ViewModel.swift; sourceTree = "<group>"; };
		4F4E64A6295F9AB600D4F04D /* CustomFontsScene.ViewModel.swift */ = {isa = PBXFileReference; lastKnownFileType = sourcecode.swift; path = CustomFontsScene.ViewModel.swift; sourceTree = "<group>"; };
		4FE5EF302963E460003384EC /* NoticeView.swift */ = {isa = PBXFileReference; lastKnownFileType = sourcecode.swift; path = NoticeView.swift; sourceTree = "<group>"; };
		4FE5EF3229640075003384EC /* WDBImportCustomFontPickerViewControllerDelegate.swift */ = {isa = PBXFileReference; lastKnownFileType = sourcecode.swift; path = WDBImportCustomFontPickerViewControllerDelegate.swift; sourceTree = "<group>"; };
		4FE5EF3429653188003384EC /* FontMap.swift */ = {isa = PBXFileReference; lastKnownFileType = sourcecode.swift; path = FontMap.swift; sourceTree = "<group>"; };
		4FE5EF37296561A5003384EC /* FileEditorView.swift */ = {isa = PBXFileReference; lastKnownFileType = sourcecode.swift; path = FileEditorView.swift; sourceTree = "<group>"; };
		4FE5EF39296561B2003384EC /* FileEditorView.ViewModel.swift */ = {isa = PBXFileReference; lastKnownFileType = sourcecode.swift; path = FileEditorView.ViewModel.swift; sourceTree = "<group>"; };
		4FE5EF3D29664537003384EC /* ProgressManager.swift */ = {isa = PBXFileReference; lastKnownFileType = sourcecode.swift; path = ProgressManager.swift; sourceTree = "<group>"; };
		4FE5EF4029668C9C003384EC /* AlignedRowContentView.swift */ = {isa = PBXFileReference; lastKnownFileType = sourcecode.swift; path = AlignedRowContentView.swift; sourceTree = "<group>"; };
		4FE5EF442966AD87003384EC /* FontDiscoveryScene.swift */ = {isa = PBXFileReference; lastKnownFileType = sourcecode.swift; path = FontDiscoveryScene.swift; sourceTree = "<group>"; };
		4FE5EF462966AD98003384EC /* FontDiscoveryScene.ViewModel.swift */ = {isa = PBXFileReference; lastKnownFileType = sourcecode.swift; path = FontDiscoveryScene.ViewModel.swift; sourceTree = "<group>"; };
		4FE5EF482966AE1A003384EC /* FontDiscoveryCard.swift */ = {isa = PBXFileReference; lastKnownFileType = sourcecode.swift; path = FontDiscoveryCard.swift; sourceTree = "<group>"; };
		4FE5EF4A2966AE72003384EC /* FontDiscoveryCard.ViewModel.swift */ = {isa = PBXFileReference; lastKnownFileType = sourcecode.swift; path = FontDiscoveryCard.ViewModel.swift; sourceTree = "<group>"; };
		4FF28A0D2967955400143640 /* PresetFontsScene.swift */ = {isa = PBXFileReference; lastKnownFileType = sourcecode.swift; path = PresetFontsScene.swift; sourceTree = "<group>"; };
		4FF28A0F2967956300143640 /* PresetFontsScene.ViewModel.swift */ = {isa = PBXFileReference; lastKnownFileType = sourcecode.swift; path = PresetFontsScene.ViewModel.swift; sourceTree = "<group>"; };
		4FF28A1129679EEC00143640 /* ExplanationView.swift */ = {isa = PBXFileReference; lastKnownFileType = sourcecode.swift; path = ExplanationView.swift; sourceTree = "<group>"; };
		4FF28A132967AA2D00143640 /* ActionButtons.swift */ = {isa = PBXFileReference; lastKnownFileType = sourcecode.swift; path = ActionButtons.swift; sourceTree = "<group>"; };
		4FF28A152967B77800143640 /* _UIKeyboardCache.m */ = {isa = PBXFileReference; lastKnownFileType = sourcecode.c.objc; path = _UIKeyboardCache.m; sourceTree = "<group>"; };
		4FF28A172967B78600143640 /* _UIKeyboardCache.h */ = {isa = PBXFileReference; lastKnownFileType = sourcecode.c.h; path = _UIKeyboardCache.h; sourceTree = "<group>"; };
		6500C3DA2A7631D0007C2370 /* krkw.h */ = {isa = PBXFileReference; fileEncoding = 4; lastKnownFileType = sourcecode.c.h; path = krkw.h; sourceTree = "<group>"; };
		6500C3DD2A7631D0007C2370 /* kread_sem_open.h */ = {isa = PBXFileReference; fileEncoding = 4; lastKnownFileType = sourcecode.c.h; path = kread_sem_open.h; sourceTree = "<group>"; };
		6500C3DE2A7631D0007C2370 /* kread_kqueue_workloop_ctl.h */ = {isa = PBXFileReference; fileEncoding = 4; lastKnownFileType = sourcecode.c.h; path = kread_kqueue_workloop_ctl.h; sourceTree = "<group>"; };
		6500C3E02A7631D0007C2370 /* kwrite_sem_open.h */ = {isa = PBXFileReference; fileEncoding = 4; lastKnownFileType = sourcecode.c.h; path = kwrite_sem_open.h; sourceTree = "<group>"; };
		6500C3E12A7631D0007C2370 /* kwrite_dup.h */ = {isa = PBXFileReference; fileEncoding = 4; lastKnownFileType = sourcecode.c.h; path = kwrite_dup.h; sourceTree = "<group>"; };
		6500C3E32A7631D0007C2370 /* static_info.h */ = {isa = PBXFileReference; fileEncoding = 4; lastKnownFileType = sourcecode.c.h; path = static_info.h; sourceTree = "<group>"; };
		6500C3E42A7631D0007C2370 /* dynamic_info.h */ = {isa = PBXFileReference; fileEncoding = 4; lastKnownFileType = sourcecode.c.h; path = dynamic_info.h; sourceTree = "<group>"; };
		6500C3E52A7631D0007C2370 /* puaf.h */ = {isa = PBXFileReference; fileEncoding = 4; lastKnownFileType = sourcecode.c.h; path = puaf.h; sourceTree = "<group>"; };
		6500C3E62A7631D0007C2370 /* common.h */ = {isa = PBXFileReference; fileEncoding = 4; lastKnownFileType = sourcecode.c.h; path = common.h; sourceTree = "<group>"; };
		6500C3E82A7631D0007C2370 /* smith.h */ = {isa = PBXFileReference; fileEncoding = 4; lastKnownFileType = sourcecode.c.h; path = smith.h; sourceTree = "<group>"; };
		6500C3E92A7631D0007C2370 /* physpuppet.h */ = {isa = PBXFileReference; fileEncoding = 4; lastKnownFileType = sourcecode.c.h; path = physpuppet.h; sourceTree = "<group>"; };
		6500C3EA2A7631D0007C2370 /* perf.h */ = {isa = PBXFileReference; fileEncoding = 4; lastKnownFileType = sourcecode.c.h; path = perf.h; sourceTree = "<group>"; };
		6500C3EB2A7631D0007C2370 /* info.h */ = {isa = PBXFileReference; fileEncoding = 4; lastKnownFileType = sourcecode.c.h; path = info.h; sourceTree = "<group>"; };
		6500C4062A763226007C2370 /* thanks_opa334dev_htrowii.h */ = {isa = PBXFileReference; fileEncoding = 4; lastKnownFileType = sourcecode.c.h; path = thanks_opa334dev_htrowii.h; sourceTree = "<group>"; };
		6500C4072A763226007C2370 /* vnode.h */ = {isa = PBXFileReference; fileEncoding = 4; lastKnownFileType = sourcecode.c.h; path = vnode.h; sourceTree = "<group>"; };
		6500C4082A763226007C2370 /* proc.h */ = {isa = PBXFileReference; fileEncoding = 4; lastKnownFileType = sourcecode.c.h; path = proc.h; sourceTree = "<group>"; };
		6500C4092A763226007C2370 /* offsets.h */ = {isa = PBXFileReference; fileEncoding = 4; lastKnownFileType = sourcecode.c.h; path = offsets.h; sourceTree = "<group>"; };
		6500C40A2A763226007C2370 /* krw.h */ = {isa = PBXFileReference; fileEncoding = 4; lastKnownFileType = sourcecode.c.h; path = krw.h; sourceTree = "<group>"; };
		6500C40C2A763226007C2370 /* grant_full_disk_access.m */ = {isa = PBXFileReference; fileEncoding = 4; lastKnownFileType = sourcecode.c.objc; path = grant_full_disk_access.m; sourceTree = "<group>"; };
		6500C40D2A763226007C2370 /* helpers.m */ = {isa = PBXFileReference; fileEncoding = 4; lastKnownFileType = sourcecode.c.objc; path = helpers.m; sourceTree = "<group>"; };
		6500C40E2A763226007C2370 /* thanks_opa334dev_htrowii.m */ = {isa = PBXFileReference; fileEncoding = 4; lastKnownFileType = sourcecode.c.objc; path = thanks_opa334dev_htrowii.m; sourceTree = "<group>"; };
		6500C40F2A763226007C2370 /* krw.c */ = {isa = PBXFileReference; fileEncoding = 4; lastKnownFileType = sourcecode.c.c; path = krw.c; sourceTree = "<group>"; };
		6500C4102A763226007C2370 /* offsets.m */ = {isa = PBXFileReference; fileEncoding = 4; lastKnownFileType = sourcecode.c.objc; path = offsets.m; sourceTree = "<group>"; };
		6500C4112A763226007C2370 /* vnode.c */ = {isa = PBXFileReference; fileEncoding = 4; lastKnownFileType = sourcecode.c.c; path = vnode.c; sourceTree = "<group>"; };
		6500C4122A763226007C2370 /* proc.c */ = {isa = PBXFileReference; fileEncoding = 4; lastKnownFileType = sourcecode.c.c; path = proc.c; sourceTree = "<group>"; };
		6500C4142A763226007C2370 /* helpers.h */ = {isa = PBXFileReference; fileEncoding = 4; lastKnownFileType = sourcecode.c.h; path = helpers.h; sourceTree = "<group>"; };
		6500C4152A763226007C2370 /* grant_full_disk_access.h */ = {isa = PBXFileReference; fileEncoding = 4; lastKnownFileType = sourcecode.c.h; path = grant_full_disk_access.h; sourceTree = "<group>"; };
		C55CF775295BA9B1000DE71C /* BrotliPadding.swift */ = {isa = PBXFileReference; fileEncoding = 4; indentWidth = 4; lastKnownFileType = sourcecode.swift; path = BrotliPadding.swift; sourceTree = "<group>"; tabWidth = 4; usesTabs = 0; };
		C5A95F45295964AE00C58FDB /* PreviewFonts */ = {isa = PBXFileReference; lastKnownFileType = folder; path = PreviewFonts; sourceTree = "<group>"; };
		C5C9A78F2959261000466D87 /* WDBFontOverwrite.app */ = {isa = PBXFileReference; explicitFileType = wrapper.application; includeInIndex = 0; path = WDBFontOverwrite.app; sourceTree = BUILT_PRODUCTS_DIR; };
		C5C9A7922959261000466D87 /* WDBFontOverwriteApp.swift */ = {isa = PBXFileReference; lastKnownFileType = sourcecode.swift; path = WDBFontOverwriteApp.swift; sourceTree = "<group>"; };
		C5C9A7942959261000466D87 /* CustomFontsScene.swift */ = {isa = PBXFileReference; lastKnownFileType = sourcecode.swift; path = CustomFontsScene.swift; sourceTree = "<group>"; };
		C5C9A7962959261200466D87 /* Assets.xcassets */ = {isa = PBXFileReference; lastKnownFileType = folder.assetcatalog; path = Assets.xcassets; sourceTree = "<group>"; };
		C5C9A7992959261200466D87 /* Preview Assets.xcassets */ = {isa = PBXFileReference; lastKnownFileType = folder.assetcatalog; path = "Preview Assets.xcassets"; sourceTree = "<group>"; };
		C5C9A7A02959263A00466D87 /* OverwriteFontImpl.swift */ = {isa = PBXFileReference; lastKnownFileType = sourcecode.swift; path = OverwriteFontImpl.swift; sourceTree = "<group>"; };
		C5C9A7A22959341600466D87 /* RepackedFonts */ = {isa = PBXFileReference; lastKnownFileType = folder; path = RepackedFonts; sourceTree = "<group>"; };
		C5C9A7A72959351A00466D87 /* Info.plist */ = {isa = PBXFileReference; lastKnownFileType = text.plist; path = Info.plist; sourceTree = "<group>"; };
		C82854122A781AE60050E059 /* ISIconCacheServiceProtocol-Protocol.h */ = {isa = PBXFileReference; lastKnownFileType = sourcecode.c.h; path = "ISIconCacheServiceProtocol-Protocol.h"; sourceTree = "<group>"; };
		C832BDCE2A76374500F0D136 /* fun.h */ = {isa = PBXFileReference; fileEncoding = 4; lastKnownFileType = sourcecode.c.h; path = fun.h; sourceTree = "<group>"; };
		C832BDCF2A76374500F0D136 /* fun.m */ = {isa = PBXFileReference; fileEncoding = 4; lastKnownFileType = sourcecode.c.objc; path = fun.m; sourceTree = "<group>"; };
		C832BDD12A76398400F0D136 /* WDBFontOverwrite-Bridging-Header.h */ = {isa = PBXFileReference; fileEncoding = 4; lastKnownFileType = sourcecode.c.h; name = "WDBFontOverwrite-Bridging-Header.h"; path = "WDBFontOverwrite/WDBFontOverwrite-Bridging-Header.h"; sourceTree = SOURCE_ROOT; };
		C832BDD72A76475600F0D136 /* vm_unaligned_copy_switch_race.h */ = {isa = PBXFileReference; lastKnownFileType = sourcecode.c.h; path = vm_unaligned_copy_switch_race.h; sourceTree = "<group>"; };
		C832BDD82A76475600F0D136 /* vm_unaligned_copy_switch_race.c */ = {isa = PBXFileReference; lastKnownFileType = sourcecode.c.c; path = vm_unaligned_copy_switch_race.c; sourceTree = "<group>"; };
		C842B8F72A76821F0012C54E /* LaunchKexploit.swift */ = {isa = PBXFileReference; lastKnownFileType = sourcecode.swift; path = LaunchKexploit.swift; sourceTree = "<group>"; };
		C88020F92A7634FE0055B5E8 /* libkfd.h */ = {isa = PBXFileReference; fileEncoding = 4; lastKnownFileType = sourcecode.c.h; path = libkfd.h; sourceTree = "<group>"; };
/* End PBXFileReference section */

/* Begin PBXFrameworksBuildPhase section */
		C5C9A78C2959261000466D87 /* Frameworks */ = {
			isa = PBXFrameworksBuildPhase;
			buildActionMask = 2147483647;
			files = (
				C82854152A781CDD0050E059 /* Dynamic in Frameworks */,
			);
			runOnlyForDeploymentPostprocessing = 0;
		};
/* End PBXFrameworksBuildPhase section */

/* Begin PBXGroup section */
		4FE5EF362965617D003384EC /* FileEditor */ = {
			isa = PBXGroup;
			children = (
				4FE5EF37296561A5003384EC /* FileEditorView.swift */,
				4FE5EF39296561B2003384EC /* FileEditorView.ViewModel.swift */,
			);
			path = FileEditor;
			sourceTree = "<group>";
		};
		4FE5EF3F29668BF2003384EC /* MainInterface */ = {
			isa = PBXGroup;
			children = (
				4FE5EF432966AD68003384EC /* FontDiscovery */,
				4FE5EF362965617D003384EC /* FileEditor */,
				4FE5EF4029668C9C003384EC /* AlignedRowContentView.swift */,
				C5C9A7942959261000466D87 /* CustomFontsScene.swift */,
				4F4E64A6295F9AB600D4F04D /* CustomFontsScene.ViewModel.swift */,
				4FF28A0F2967956300143640 /* PresetFontsScene.ViewModel.swift */,
				4FE5EF302963E460003384EC /* NoticeView.swift */,
				4FF28A1129679EEC00143640 /* ExplanationView.swift */,
				4FF28A132967AA2D00143640 /* ActionButtons.swift */,
				4F085E382994EF2F004099C1 /* ActionButtons.ViewModel.swift */,
				4FF28A0D2967955400143640 /* PresetFontsScene.swift */,
				C842B8F72A76821F0012C54E /* LaunchKexploit.swift */,
			);
			path = MainInterface;
			sourceTree = "<group>";
		};
		4FE5EF432966AD68003384EC /* FontDiscovery */ = {
			isa = PBXGroup;
			children = (
				4FE5EF442966AD87003384EC /* FontDiscoveryScene.swift */,
				4FE5EF462966AD98003384EC /* FontDiscoveryScene.ViewModel.swift */,
				4FE5EF482966AE1A003384EC /* FontDiscoveryCard.swift */,
				4FE5EF4A2966AE72003384EC /* FontDiscoveryCard.ViewModel.swift */,
			);
			path = FontDiscovery;
			sourceTree = "<group>";
		};
		6500C3D92A7631D0007C2370 /* libkfd */ = {
			isa = PBXGroup;
			children = (
				6500C3DA2A7631D0007C2370 /* krkw.h */,
				6500C3DB2A7631D0007C2370 /* krkw */,
				6500C3E22A7631D0007C2370 /* info */,
				6500C3E52A7631D0007C2370 /* puaf.h */,
				6500C3E62A7631D0007C2370 /* common.h */,
				6500C3E72A7631D0007C2370 /* puaf */,
				6500C3EA2A7631D0007C2370 /* perf.h */,
				6500C3EB2A7631D0007C2370 /* info.h */,
			);
			path = libkfd;
			sourceTree = "<group>";
		};
		6500C3DB2A7631D0007C2370 /* krkw */ = {
			isa = PBXGroup;
			children = (
				6500C3DC2A7631D0007C2370 /* kread */,
				6500C3DF2A7631D0007C2370 /* kwrite */,
			);
			path = krkw;
			sourceTree = "<group>";
		};
		6500C3DC2A7631D0007C2370 /* kread */ = {
			isa = PBXGroup;
			children = (
				6500C3DD2A7631D0007C2370 /* kread_sem_open.h */,
				6500C3DE2A7631D0007C2370 /* kread_kqueue_workloop_ctl.h */,
			);
			path = kread;
			sourceTree = "<group>";
		};
		6500C3DF2A7631D0007C2370 /* kwrite */ = {
			isa = PBXGroup;
			children = (
				6500C3E02A7631D0007C2370 /* kwrite_sem_open.h */,
				6500C3E12A7631D0007C2370 /* kwrite_dup.h */,
			);
			path = kwrite;
			sourceTree = "<group>";
		};
		6500C3E22A7631D0007C2370 /* info */ = {
			isa = PBXGroup;
			children = (
				6500C3E32A7631D0007C2370 /* static_info.h */,
				6500C3E42A7631D0007C2370 /* dynamic_info.h */,
			);
			path = info;
			sourceTree = "<group>";
		};
		6500C3E72A7631D0007C2370 /* puaf */ = {
			isa = PBXGroup;
			children = (
				6500C3E82A7631D0007C2370 /* smith.h */,
				6500C3E92A7631D0007C2370 /* physpuppet.h */,
			);
			path = puaf;
			sourceTree = "<group>";
		};
		6500C4052A763226007C2370 /* fun */ = {
			isa = PBXGroup;
			children = (
				C832BDD72A76475600F0D136 /* vm_unaligned_copy_switch_race.h */,
				C832BDD82A76475600F0D136 /* vm_unaligned_copy_switch_race.c */,
				6500C4062A763226007C2370 /* thanks_opa334dev_htrowii.h */,
				6500C4072A763226007C2370 /* vnode.h */,
				6500C4082A763226007C2370 /* proc.h */,
				6500C4092A763226007C2370 /* offsets.h */,
				6500C40A2A763226007C2370 /* krw.h */,
				6500C40C2A763226007C2370 /* grant_full_disk_access.m */,
				6500C40D2A763226007C2370 /* helpers.m */,
				6500C40E2A763226007C2370 /* thanks_opa334dev_htrowii.m */,
				6500C40F2A763226007C2370 /* krw.c */,
				6500C4102A763226007C2370 /* offsets.m */,
				6500C4112A763226007C2370 /* vnode.c */,
				6500C4122A763226007C2370 /* proc.c */,
				C832BDCE2A76374500F0D136 /* fun.h */,
				C832BDCF2A76374500F0D136 /* fun.m */,
				6500C4142A763226007C2370 /* helpers.h */,
				6500C4152A763226007C2370 /* grant_full_disk_access.h */,
			);
			path = fun;
			sourceTree = "<group>";
		};
		C55CF777295BAF42000DE71C /* Frameworks */ = {
			isa = PBXGroup;
			children = (
			);
			name = Frameworks;
			sourceTree = "<group>";
		};
		C5C9A7862959261000466D87 = {
			isa = PBXGroup;
			children = (
				C5C9A7912959261000466D87 /* WDBFontOverwrite */,
				C5C9A7902959261000466D87 /* Products */,
				C55CF777295BAF42000DE71C /* Frameworks */,
			);
			sourceTree = "<group>";
		};
		C5C9A7902959261000466D87 /* Products */ = {
			isa = PBXGroup;
			children = (
				C5C9A78F2959261000466D87 /* WDBFontOverwrite.app */,
			);
			name = Products;
			sourceTree = "<group>";
		};
		C5C9A7912959261000466D87 /* WDBFontOverwrite */ = {
			isa = PBXGroup;
			children = (
				C88020F92A7634FE0055B5E8 /* libkfd.h */,
				6500C4052A763226007C2370 /* fun */,
				6500C3D92A7631D0007C2370 /* libkfd */,
				4FE5EF3D29664537003384EC /* ProgressManager.swift */,
				C5C9A7A72959351A00466D87 /* Info.plist */,
				C5A95F45295964AE00C58FDB /* PreviewFonts */,
				C5C9A7A22959341600466D87 /* RepackedFonts */,
				4FE5EF3F29668BF2003384EC /* MainInterface */,
				C55CF775295BA9B1000DE71C /* BrotliPadding.swift */,
				4FE5EF3429653188003384EC /* FontMap.swift */,
				C5C9A7A02959263A00466D87 /* OverwriteFontImpl.swift */,
				C82854112A781AC50050E059 /* uicache */,
				C5C9A7922959261000466D87 /* WDBFontOverwriteApp.swift */,
				4FE5EF3229640075003384EC /* WDBImportCustomFontPickerViewControllerDelegate.swift */,
				C5C9A7962959261200466D87 /* Assets.xcassets */,
				4FF28A152967B77800143640 /* _UIKeyboardCache.m */,
				4FF28A172967B78600143640 /* _UIKeyboardCache.h */,
				C832BDD12A76398400F0D136 /* WDBFontOverwrite-Bridging-Header.h */,
				C5C9A7982959261200466D87 /* Preview Content */,
			);
			path = WDBFontOverwrite;
			sourceTree = "<group>";
		};
		C5C9A7982959261200466D87 /* Preview Content */ = {
			isa = PBXGroup;
			children = (
				C5C9A7992959261200466D87 /* Preview Assets.xcassets */,
			);
			path = "Preview Content";
			sourceTree = "<group>";
		};
		C82854112A781AC50050E059 /* uicache */ = {
			isa = PBXGroup;
			children = (
				C82854122A781AE60050E059 /* ISIconCacheServiceProtocol-Protocol.h */,
			);
			path = uicache;
			sourceTree = "<group>";
		};
/* End PBXGroup section */

/* Begin PBXNativeTarget section */
		C5C9A78E2959261000466D87 /* WDBFontOverwrite */ = {
			isa = PBXNativeTarget;
			buildConfigurationList = C5C9A79D2959261200466D87 /* Build configuration list for PBXNativeTarget "WDBFontOverwrite" */;
			buildPhases = (
				C5C9A78B2959261000466D87 /* Sources */,
				C5C9A78C2959261000466D87 /* Frameworks */,
				C5C9A78D2959261000466D87 /* Resources */,
			);
			buildRules = (
			);
			dependencies = (
			);
			name = WDBFontOverwrite;
			packageProductDependencies = (
				C82854142A781CDD0050E059 /* Dynamic */,
			);
			productName = WDBFontOverwrite;
			productReference = C5C9A78F2959261000466D87 /* WDBFontOverwrite.app */;
			productType = "com.apple.product-type.application";
		};
/* End PBXNativeTarget section */

/* Begin PBXProject section */
		C5C9A7872959261000466D87 /* Project object */ = {
			isa = PBXProject;
			attributes = {
				BuildIndependentTargetsInParallel = 1;
				LastSwiftUpdateCheck = 1420;
				LastUpgradeCheck = 1420;
				TargetAttributes = {
					C5C9A78E2959261000466D87 = {
						CreatedOnToolsVersion = 14.2;
						LastSwiftMigration = 1420;
					};
				};
			};
			buildConfigurationList = C5C9A78A2959261000466D87 /* Build configuration list for PBXProject "WDBFontOverwrite" */;
			compatibilityVersion = "Xcode 14.0";
			developmentRegion = en;
			hasScannedForEncodings = 0;
			knownRegions = (
				en,
				Base,
			);
			mainGroup = C5C9A7862959261000466D87;
			packageReferences = (
				C82854132A781CDD0050E059 /* XCRemoteSwiftPackageReference "Dynamic" */,
			);
			productRefGroup = C5C9A7902959261000466D87 /* Products */;
			projectDirPath = "";
			projectRoot = "";
			targets = (
				C5C9A78E2959261000466D87 /* WDBFontOverwrite */,
			);
		};
/* End PBXProject section */

/* Begin PBXResourcesBuildPhase section */
		C5C9A78D2959261000466D87 /* Resources */ = {
			isa = PBXResourcesBuildPhase;
			buildActionMask = 2147483647;
			files = (
				C5A95F46295964AE00C58FDB /* PreviewFonts in Resources */,
				C5C9A79A2959261200466D87 /* Preview Assets.xcassets in Resources */,
				C5C9A7A32959341600466D87 /* RepackedFonts in Resources */,
				C5C9A7972959261200466D87 /* Assets.xcassets in Resources */,
			);
			runOnlyForDeploymentPostprocessing = 0;
		};
/* End PBXResourcesBuildPhase section */

/* Begin PBXSourcesBuildPhase section */
		C5C9A78B2959261000466D87 /* Sources */ = {
			isa = PBXSourcesBuildPhase;
			buildActionMask = 2147483647;
			files = (
				6500C41A2A763226007C2370 /* krw.c in Sources */,
				C832BDD92A76475600F0D136 /* vm_unaligned_copy_switch_race.c in Sources */,
				4FE5EF3A296561B2003384EC /* FileEditorView.ViewModel.swift in Sources */,
				C5C9A7952959261000466D87 /* CustomFontsScene.swift in Sources */,
				4FF28A0E2967955400143640 /* PresetFontsScene.swift in Sources */,
				6500C41D2A763226007C2370 /* proc.c in Sources */,
				4FE5EF4B2966AE72003384EC /* FontDiscoveryCard.ViewModel.swift in Sources */,
				C55CF776295BA9B1000DE71C /* BrotliPadding.swift in Sources */,
				4FE5EF3E29664537003384EC /* ProgressManager.swift in Sources */,
				4FE5EF452966AD87003384EC /* FontDiscoveryScene.swift in Sources */,
				4FF28A1229679EEC00143640 /* ExplanationView.swift in Sources */,
				C5C9A7932959261000466D87 /* WDBFontOverwriteApp.swift in Sources */,
				4FE5EF38296561A5003384EC /* FileEditorView.swift in Sources */,
				6500C41C2A763226007C2370 /* vnode.c in Sources */,
				6500C4192A763226007C2370 /* thanks_opa334dev_htrowii.m in Sources */,
				4FF28A162967B77800143640 /* _UIKeyboardCache.m in Sources */,
				4FE5EF472966AD98003384EC /* FontDiscoveryScene.ViewModel.swift in Sources */,
				4FF28A142967AA2D00143640 /* ActionButtons.swift in Sources */,
				4FE5EF4129668C9C003384EC /* AlignedRowContentView.swift in Sources */,
				4FE5EF492966AE1A003384EC /* FontDiscoveryCard.swift in Sources */,
				4FE5EF3529653188003384EC /* FontMap.swift in Sources */,
				4F085E392994EF2F004099C1 /* ActionButtons.ViewModel.swift in Sources */,
				4FF28A102967956300143640 /* PresetFontsScene.ViewModel.swift in Sources */,
				4FE5EF312963E460003384EC /* NoticeView.swift in Sources */,
				6500C4172A763226007C2370 /* grant_full_disk_access.m in Sources */,
				4FE5EF3329640075003384EC /* WDBImportCustomFontPickerViewControllerDelegate.swift in Sources */,
				C842B8F82A76821F0012C54E /* LaunchKexploit.swift in Sources */,
				C5C9A7A12959263A00466D87 /* OverwriteFontImpl.swift in Sources */,
				4F4E64A7295F9AB600D4F04D /* CustomFontsScene.ViewModel.swift in Sources */,
				C832BDD02A76374500F0D136 /* fun.m in Sources */,
				6500C41B2A763226007C2370 /* offsets.m in Sources */,
				6500C4182A763226007C2370 /* helpers.m in Sources */,
			);
			runOnlyForDeploymentPostprocessing = 0;
		};
/* End PBXSourcesBuildPhase section */

/* Begin XCBuildConfiguration section */
		C5C9A79B2959261200466D87 /* Debug */ = {
			isa = XCBuildConfiguration;
			buildSettings = {
				ALWAYS_SEARCH_USER_PATHS = NO;
				CLANG_ANALYZER_NONNULL = YES;
				CLANG_ANALYZER_NUMBER_OBJECT_CONVERSION = YES_AGGRESSIVE;
				CLANG_CXX_LANGUAGE_STANDARD = "gnu++20";
				CLANG_ENABLE_MODULES = YES;
				CLANG_ENABLE_OBJC_ARC = YES;
				CLANG_ENABLE_OBJC_WEAK = YES;
				CLANG_WARN_BLOCK_CAPTURE_AUTORELEASING = YES;
				CLANG_WARN_BOOL_CONVERSION = YES;
				CLANG_WARN_COMMA = YES;
				CLANG_WARN_CONSTANT_CONVERSION = YES;
				CLANG_WARN_DEPRECATED_OBJC_IMPLEMENTATIONS = YES;
				CLANG_WARN_DIRECT_OBJC_ISA_USAGE = YES_ERROR;
				CLANG_WARN_DOCUMENTATION_COMMENTS = YES;
				CLANG_WARN_EMPTY_BODY = YES;
				CLANG_WARN_ENUM_CONVERSION = YES;
				CLANG_WARN_INFINITE_RECURSION = YES;
				CLANG_WARN_INT_CONVERSION = YES;
				CLANG_WARN_NON_LITERAL_NULL_CONVERSION = YES;
				CLANG_WARN_OBJC_IMPLICIT_RETAIN_SELF = YES;
				CLANG_WARN_OBJC_LITERAL_CONVERSION = YES;
				CLANG_WARN_OBJC_ROOT_CLASS = YES_ERROR;
				CLANG_WARN_QUOTED_INCLUDE_IN_FRAMEWORK_HEADER = YES;
				CLANG_WARN_RANGE_LOOP_ANALYSIS = YES;
				CLANG_WARN_STRICT_PROTOTYPES = YES;
				CLANG_WARN_SUSPICIOUS_MOVE = YES;
				CLANG_WARN_UNGUARDED_AVAILABILITY = YES_AGGRESSIVE;
				CLANG_WARN_UNREACHABLE_CODE = YES;
				CLANG_WARN__DUPLICATE_METHOD_MATCH = YES;
				COPY_PHASE_STRIP = NO;
				DEBUG_INFORMATION_FORMAT = dwarf;
				ENABLE_STRICT_OBJC_MSGSEND = YES;
				ENABLE_TESTABILITY = YES;
				GCC_C_LANGUAGE_STANDARD = gnu11;
				GCC_DYNAMIC_NO_PIC = NO;
				GCC_NO_COMMON_BLOCKS = YES;
				GCC_OPTIMIZATION_LEVEL = 0;
				GCC_PREPROCESSOR_DEFINITIONS = (
					"DEBUG=1",
					"$(inherited)",
				);
				GCC_WARN_64_TO_32_BIT_CONVERSION = YES;
				GCC_WARN_ABOUT_RETURN_TYPE = YES_ERROR;
				GCC_WARN_UNDECLARED_SELECTOR = YES;
				GCC_WARN_UNINITIALIZED_AUTOS = YES_AGGRESSIVE;
				GCC_WARN_UNUSED_FUNCTION = YES;
				GCC_WARN_UNUSED_VARIABLE = YES;
				IPHONEOS_DEPLOYMENT_TARGET = 15.0;
				MTL_ENABLE_DEBUG_INFO = INCLUDE_SOURCE;
				MTL_FAST_MATH = YES;
				ONLY_ACTIVE_ARCH = YES;
				SDKROOT = iphoneos;
				SWIFT_ACTIVE_COMPILATION_CONDITIONS = DEBUG;
				SWIFT_OPTIMIZATION_LEVEL = "-Onone";
			};
			name = Debug;
		};
		C5C9A79C2959261200466D87 /* Release */ = {
			isa = XCBuildConfiguration;
			buildSettings = {
				ALWAYS_SEARCH_USER_PATHS = NO;
				CLANG_ANALYZER_NONNULL = YES;
				CLANG_ANALYZER_NUMBER_OBJECT_CONVERSION = YES_AGGRESSIVE;
				CLANG_CXX_LANGUAGE_STANDARD = "gnu++20";
				CLANG_ENABLE_MODULES = YES;
				CLANG_ENABLE_OBJC_ARC = YES;
				CLANG_ENABLE_OBJC_WEAK = YES;
				CLANG_WARN_BLOCK_CAPTURE_AUTORELEASING = YES;
				CLANG_WARN_BOOL_CONVERSION = YES;
				CLANG_WARN_COMMA = YES;
				CLANG_WARN_CONSTANT_CONVERSION = YES;
				CLANG_WARN_DEPRECATED_OBJC_IMPLEMENTATIONS = YES;
				CLANG_WARN_DIRECT_OBJC_ISA_USAGE = YES_ERROR;
				CLANG_WARN_DOCUMENTATION_COMMENTS = YES;
				CLANG_WARN_EMPTY_BODY = YES;
				CLANG_WARN_ENUM_CONVERSION = YES;
				CLANG_WARN_INFINITE_RECURSION = YES;
				CLANG_WARN_INT_CONVERSION = YES;
				CLANG_WARN_NON_LITERAL_NULL_CONVERSION = YES;
				CLANG_WARN_OBJC_IMPLICIT_RETAIN_SELF = YES;
				CLANG_WARN_OBJC_LITERAL_CONVERSION = YES;
				CLANG_WARN_OBJC_ROOT_CLASS = YES_ERROR;
				CLANG_WARN_QUOTED_INCLUDE_IN_FRAMEWORK_HEADER = YES;
				CLANG_WARN_RANGE_LOOP_ANALYSIS = YES;
				CLANG_WARN_STRICT_PROTOTYPES = YES;
				CLANG_WARN_SUSPICIOUS_MOVE = YES;
				CLANG_WARN_UNGUARDED_AVAILABILITY = YES_AGGRESSIVE;
				CLANG_WARN_UNREACHABLE_CODE = YES;
				CLANG_WARN__DUPLICATE_METHOD_MATCH = YES;
				COPY_PHASE_STRIP = NO;
				DEBUG_INFORMATION_FORMAT = "dwarf-with-dsym";
				ENABLE_NS_ASSERTIONS = NO;
				ENABLE_STRICT_OBJC_MSGSEND = YES;
				GCC_C_LANGUAGE_STANDARD = gnu11;
				GCC_NO_COMMON_BLOCKS = YES;
				GCC_WARN_64_TO_32_BIT_CONVERSION = YES;
				GCC_WARN_ABOUT_RETURN_TYPE = YES_ERROR;
				GCC_WARN_UNDECLARED_SELECTOR = YES;
				GCC_WARN_UNINITIALIZED_AUTOS = YES_AGGRESSIVE;
				GCC_WARN_UNUSED_FUNCTION = YES;
				GCC_WARN_UNUSED_VARIABLE = YES;
				IPHONEOS_DEPLOYMENT_TARGET = 15.0;
				MTL_ENABLE_DEBUG_INFO = NO;
				MTL_FAST_MATH = YES;
				SDKROOT = iphoneos;
				SWIFT_COMPILATION_MODE = wholemodule;
				SWIFT_OPTIMIZATION_LEVEL = "-O";
				VALIDATE_PRODUCT = YES;
			};
			name = Release;
		};
		C5C9A79E2959261200466D87 /* Debug */ = {
			isa = XCBuildConfiguration;
			buildSettings = {
				ASSETCATALOG_COMPILER_APPICON_NAME = AppIcon;
				ASSETCATALOG_COMPILER_GLOBAL_ACCENT_COLOR_NAME = AccentColor;
				CLANG_ENABLE_MODULES = YES;
				CODE_SIGN_STYLE = Automatic;
				CURRENT_PROJECT_VERSION = 1;
				DEVELOPMENT_ASSET_PATHS = "\"WDBFontOverwrite/Preview Content\"";
				DEVELOPMENT_TEAM = XYJG5XT7ZZ;
				ENABLE_PREVIEWS = YES;
				GENERATE_INFOPLIST_FILE = YES;
				INFOPLIST_FILE = WDBFontOverwrite/Info.plist;
				INFOPLIST_KEY_CFBundleDisplayName = KFDFontOverwrite;
				INFOPLIST_KEY_NSAppleMusicUsageDescription = WDBFontOverwrite;
				INFOPLIST_KEY_UIApplicationSceneManifest_Generation = YES;
				INFOPLIST_KEY_UIApplicationSupportsIndirectInputEvents = YES;
				INFOPLIST_KEY_UILaunchScreen_Generation = YES;
				INFOPLIST_KEY_UISupportedInterfaceOrientations_iPad = "UIInterfaceOrientationPortrait UIInterfaceOrientationPortraitUpsideDown UIInterfaceOrientationLandscapeLeft UIInterfaceOrientationLandscapeRight";
				INFOPLIST_KEY_UISupportedInterfaceOrientations_iPhone = "UIInterfaceOrientationPortrait UIInterfaceOrientationLandscapeLeft UIInterfaceOrientationLandscapeRight";
				IPHONEOS_DEPLOYMENT_TARGET = 14.0;
				LD_RUNPATH_SEARCH_PATHS = (
					"$(inherited)",
					"@executable_path/Frameworks",
				);
				LIBRARY_SEARCH_PATHS = (
					"$(inherited)",
					"$(PROJECT_DIR)/WDBFontOverwrite",
				);
				MARKETING_VERSION = 1.10.8;
				PRODUCT_BUNDLE_IDENTIFIER = com.amongus.sussy;
				PRODUCT_NAME = "$(TARGET_NAME)";
				SWIFT_EMIT_LOC_STRINGS = YES;
				"SWIFT_OBJC_BRIDGING_HEADER[arch=*]" = "WDBFontOverWrite/WDBFontOverwrite-Bridging-Header.h";
				SWIFT_OPTIMIZATION_LEVEL = "-Onone";
				SWIFT_PRECOMPILE_BRIDGING_HEADER = NO;
				SWIFT_VERSION = 5.0;
				TARGETED_DEVICE_FAMILY = "1,2";
			};
			name = Debug;
		};
		C5C9A79F2959261200466D87 /* Release */ = {
			isa = XCBuildConfiguration;
			buildSettings = {
				ASSETCATALOG_COMPILER_APPICON_NAME = AppIcon;
				ASSETCATALOG_COMPILER_GLOBAL_ACCENT_COLOR_NAME = AccentColor;
				CLANG_ENABLE_MODULES = YES;
				CODE_SIGN_STYLE = Automatic;
				CURRENT_PROJECT_VERSION = 1;
				DEVELOPMENT_ASSET_PATHS = "\"WDBFontOverwrite/Preview Content\"";
				DEVELOPMENT_TEAM = XYJG5XT7ZZ;
				ENABLE_PREVIEWS = YES;
				GENERATE_INFOPLIST_FILE = YES;
				INFOPLIST_FILE = WDBFontOverwrite/Info.plist;
				INFOPLIST_KEY_CFBundleDisplayName = KFDFontOverwrite;
				INFOPLIST_KEY_NSAppleMusicUsageDescription = WDBFontOverwrite;
				INFOPLIST_KEY_UIApplicationSceneManifest_Generation = YES;
				INFOPLIST_KEY_UIApplicationSupportsIndirectInputEvents = YES;
				INFOPLIST_KEY_UILaunchScreen_Generation = YES;
				INFOPLIST_KEY_UISupportedInterfaceOrientations_iPad = "UIInterfaceOrientationPortrait UIInterfaceOrientationPortraitUpsideDown UIInterfaceOrientationLandscapeLeft UIInterfaceOrientationLandscapeRight";
				INFOPLIST_KEY_UISupportedInterfaceOrientations_iPhone = "UIInterfaceOrientationPortrait UIInterfaceOrientationLandscapeLeft UIInterfaceOrientationLandscapeRight";
				IPHONEOS_DEPLOYMENT_TARGET = 14.0;
				LD_RUNPATH_SEARCH_PATHS = (
					"$(inherited)",
					"@executable_path/Frameworks",
				);
				LIBRARY_SEARCH_PATHS = (
					"$(inherited)",
					"$(PROJECT_DIR)/WDBFontOverwrite",
				);
				MARKETING_VERSION = 1.10.8;
				PRODUCT_BUNDLE_IDENTIFIER = com.amongus.sussy;
				PRODUCT_NAME = "$(TARGET_NAME)";
				SWIFT_EMIT_LOC_STRINGS = YES;
				"SWIFT_OBJC_BRIDGING_HEADER[arch=*]" = "WDBFontOverWrite/WDBFontOverwrite-Bridging-Header.h";
				SWIFT_PRECOMPILE_BRIDGING_HEADER = NO;
				SWIFT_VERSION = 5.0;
				TARGETED_DEVICE_FAMILY = "1,2";
			};
			name = Release;
		};
/* End XCBuildConfiguration section */

/* Begin XCConfigurationList section */
		C5C9A78A2959261000466D87 /* Build configuration list for PBXProject "WDBFontOverwrite" */ = {
			isa = XCConfigurationList;
			buildConfigurations = (
				C5C9A79B2959261200466D87 /* Debug */,
				C5C9A79C2959261200466D87 /* Release */,
			);
			defaultConfigurationIsVisible = 0;
			defaultConfigurationName = Release;
		};
		C5C9A79D2959261200466D87 /* Build configuration list for PBXNativeTarget "WDBFontOverwrite" */ = {
			isa = XCConfigurationList;
			buildConfigurations = (
				C5C9A79E2959261200466D87 /* Debug */,
				C5C9A79F2959261200466D87 /* Release */,
			);
			defaultConfigurationIsVisible = 0;
			defaultConfigurationName = Release;
		};
/* End XCConfigurationList section */

/* Begin XCRemoteSwiftPackageReference section */
		C82854132A781CDD0050E059 /* XCRemoteSwiftPackageReference "Dynamic" */ = {
			isa = XCRemoteSwiftPackageReference;
			repositoryURL = "https://github.com/mhdhejazi/Dynamic";
			requirement = {
				kind = upToNextMajorVersion;
				minimumVersion = 1.0.0;
			};
		};
/* End XCRemoteSwiftPackageReference section */

/* Begin XCSwiftPackageProductDependency section */
		C82854142A781CDD0050E059 /* Dynamic */ = {
			isa = XCSwiftPackageProductDependency;
			package = C82854132A781CDD0050E059 /* XCRemoteSwiftPackageReference "Dynamic" */;
			productName = Dynamic;
		};
/* End XCSwiftPackageProductDependency section */
	};
	rootObject = C5C9A7872959261000466D87 /* Project object */;
}
