// !$*UTF8*$!
{
	archiveVersion = 1;
	classes = {
	};
	objectVersion = 56;
	objects = {

/* Begin PBXBuildFile section */
		C5A95F46295964AE00C58FDB /* PreviewFonts in Resources */ = {isa = PBXBuildFile; fileRef = C5A95F45295964AE00C58FDB /* PreviewFonts */; };
		C5C9A7932959261000466D87 /* WDBFontOverwriteApp.swift in Sources */ = {isa = PBXBuildFile; fileRef = C5C9A7922959261000466D87 /* WDBFontOverwriteApp.swift */; };
		C5C9A7952959261000466D87 /* ContentView.swift in Sources */ = {isa = PBXBuildFile; fileRef = C5C9A7942959261000466D87 /* ContentView.swift */; };
		C5C9A7972959261200466D87 /* Assets.xcassets in Resources */ = {isa = PBXBuildFile; fileRef = C5C9A7962959261200466D87 /* Assets.xcassets */; };
		C5C9A79A2959261200466D87 /* Preview Assets.xcassets in Resources */ = {isa = PBXBuildFile; fileRef = C5C9A7992959261200466D87 /* Preview Assets.xcassets */; };
		C5C9A7A12959263A00466D87 /* OverwriteFontImpl.swift in Sources */ = {isa = PBXBuildFile; fileRef = C5C9A7A02959263A00466D87 /* OverwriteFontImpl.swift */; };
		C5C9A7A32959341600466D87 /* RepackedFonts in Resources */ = {isa = PBXBuildFile; fileRef = C5C9A7A22959341600466D87 /* RepackedFonts */; };
		C5C9A7AA2959417100466D87 /* vm_unaligned_copy_switch_race.c in Sources */ = {isa = PBXBuildFile; fileRef = C5C9A7A92959417100466D87 /* vm_unaligned_copy_switch_race.c */; };
/* End PBXBuildFile section */

/* Begin PBXFileReference section */
		C5A95F45295964AE00C58FDB /* PreviewFonts */ = {isa = PBXFileReference; lastKnownFileType = folder; path = PreviewFonts; sourceTree = "<group>"; };
		C5C9A78F2959261000466D87 /* WDBFontOverwrite.app */ = {isa = PBXFileReference; explicitFileType = wrapper.application; includeInIndex = 0; path = WDBFontOverwrite.app; sourceTree = BUILT_PRODUCTS_DIR; };
		C5C9A7922959261000466D87 /* WDBFontOverwriteApp.swift */ = {isa = PBXFileReference; lastKnownFileType = sourcecode.swift; path = WDBFontOverwriteApp.swift; sourceTree = "<group>"; };
		C5C9A7942959261000466D87 /* ContentView.swift */ = {isa = PBXFileReference; lastKnownFileType = sourcecode.swift; path = ContentView.swift; sourceTree = "<group>"; };
		C5C9A7962959261200466D87 /* Assets.xcassets */ = {isa = PBXFileReference; lastKnownFileType = folder.assetcatalog; path = Assets.xcassets; sourceTree = "<group>"; };
		C5C9A7992959261200466D87 /* Preview Assets.xcassets */ = {isa = PBXFileReference; lastKnownFileType = folder.assetcatalog; path = "Preview Assets.xcassets"; sourceTree = "<group>"; };
		C5C9A7A02959263A00466D87 /* OverwriteFontImpl.swift */ = {isa = PBXFileReference; lastKnownFileType = sourcecode.swift; path = OverwriteFontImpl.swift; sourceTree = "<group>"; };
		C5C9A7A22959341600466D87 /* RepackedFonts */ = {isa = PBXFileReference; lastKnownFileType = folder; path = RepackedFonts; sourceTree = "<group>"; };
		C5C9A7A72959351A00466D87 /* Info.plist */ = {isa = PBXFileReference; lastKnownFileType = text.plist; path = Info.plist; sourceTree = "<group>"; };
		C5C9A7A82959417100466D87 /* WDBFontOverwrite-Bridging-Header.h */ = {isa = PBXFileReference; lastKnownFileType = sourcecode.c.h; path = "WDBFontOverwrite-Bridging-Header.h"; sourceTree = "<group>"; };
		C5C9A7A92959417100466D87 /* vm_unaligned_copy_switch_race.c */ = {isa = PBXFileReference; fileEncoding = 4; lastKnownFileType = sourcecode.c.c; path = vm_unaligned_copy_switch_race.c; sourceTree = "<group>"; };
		C5C9A7AB2959438600466D87 /* vm_unaligned_copy_switch_race.h */ = {isa = PBXFileReference; lastKnownFileType = sourcecode.c.h; path = vm_unaligned_copy_switch_race.h; sourceTree = "<group>"; };
/* End PBXFileReference section */

/* Begin PBXFrameworksBuildPhase section */
		C5C9A78C2959261000466D87 /* Frameworks */ = {
			isa = PBXFrameworksBuildPhase;
			buildActionMask = 2147483647;
			files = (
			);
			runOnlyForDeploymentPostprocessing = 0;
		};
/* End PBXFrameworksBuildPhase section */

/* Begin PBXGroup section */
		C5C9A7862959261000466D87 = {
			isa = PBXGroup;
			children = (
				C5C9A7912959261000466D87 /* WDBFontOverwrite */,
				C5C9A7902959261000466D87 /* Products */,
			);
			sourceTree = "<group>";
		};
		C5C9A7902959261000466D87 /* Products */ = {
			isa = PBXGroup;
			children = (
				C5C9A78F2959261000466D87 /* WDBFontOverwrite.app */,
			);
			name = Products;
			sourceTree = "<group>";
		};
		C5C9A7912959261000466D87 /* WDBFontOverwrite */ = {
			isa = PBXGroup;
			children = (
				C5C9A7A72959351A00466D87 /* Info.plist */,
				C5A95F45295964AE00C58FDB /* PreviewFonts */,
				C5C9A7A22959341600466D87 /* RepackedFonts */,
				C5C9A7922959261000466D87 /* WDBFontOverwriteApp.swift */,
				C5C9A7942959261000466D87 /* ContentView.swift */,
				C5C9A7A02959263A00466D87 /* OverwriteFontImpl.swift */,
				C5C9A7962959261200466D87 /* Assets.xcassets */,
				C5C9A7A92959417100466D87 /* vm_unaligned_copy_switch_race.c */,
				C5C9A7AB2959438600466D87 /* vm_unaligned_copy_switch_race.h */,
				C5C9A7A82959417100466D87 /* WDBFontOverwrite-Bridging-Header.h */,
				C5C9A7982959261200466D87 /* Preview Content */,
			);
			path = WDBFontOverwrite;
			sourceTree = "<group>";
		};
		C5C9A7982959261200466D87 /* Preview Content */ = {
			isa = PBXGroup;
			children = (
				C5C9A7992959261200466D87 /* Preview Assets.xcassets */,
			);
			path = "Preview Content";
			sourceTree = "<group>";
		};
/* End PBXGroup section */

/* Begin PBXNativeTarget section */
		C5C9A78E2959261000466D87 /* WDBFontOverwrite */ = {
			isa = PBXNativeTarget;
			buildConfigurationList = C5C9A79D2959261200466D87 /* Build configuration list for PBXNativeTarget "WDBFontOverwrite" */;
			buildPhases = (
				C5C9A78B2959261000466D87 /* Sources */,
				C5C9A78C2959261000466D87 /* Frameworks */,
				C5C9A78D2959261000466D87 /* Resources */,
			);
			buildRules = (
			);
			dependencies = (
			);
			name = WDBFontOverwrite;
			productName = WDBFontOverwrite;
			productReference = C5C9A78F2959261000466D87 /* WDBFontOverwrite.app */;
			productType = "com.apple.product-type.application";
		};
/* End PBXNativeTarget section */

/* Begin PBXProject section */
		C5C9A7872959261000466D87 /* Project object */ = {
			isa = PBXProject;
			attributes = {
				BuildIndependentTargetsInParallel = 1;
				LastSwiftUpdateCheck = 1420;
				LastUpgradeCheck = 1420;
				TargetAttributes = {
					C5C9A78E2959261000466D87 = {
						CreatedOnToolsVersion = 14.2;
						LastSwiftMigration = 1420;
					};
				};
			};
			buildConfigurationList = C5C9A78A2959261000466D87 /* Build configuration list for PBXProject "WDBFontOverwrite" */;
			compatibilityVersion = "Xcode 14.0";
			developmentRegion = en;
			hasScannedForEncodings = 0;
			knownRegions = (
				en,
				Base,
			);
			mainGroup = C5C9A7862959261000466D87;
			productRefGroup = C5C9A7902959261000466D87 /* Products */;
			projectDirPath = "";
			projectRoot = "";
			targets = (
				C5C9A78E2959261000466D87 /* WDBFontOverwrite */,
			);
		};
/* End PBXProject section */

/* Begin PBXResourcesBuildPhase section */
		C5C9A78D2959261000466D87 /* Resources */ = {
			isa = PBXResourcesBuildPhase;
			buildActionMask = 2147483647;
			files = (
				C5A95F46295964AE00C58FDB /* PreviewFonts in Resources */,
				C5C9A79A2959261200466D87 /* Preview Assets.xcassets in Resources */,
				C5C9A7A32959341600466D87 /* RepackedFonts in Resources */,
				C5C9A7972959261200466D87 /* Assets.xcassets in Resources */,
			);
			runOnlyForDeploymentPostprocessing = 0;
		};
/* End PBXResourcesBuildPhase section */

/* Begin PBXSourcesBuildPhase section */
		C5C9A78B2959261000466D87 /* Sources */ = {
			isa = PBXSourcesBuildPhase;
			buildActionMask = 2147483647;
			files = (
				C5C9A7952959261000466D87 /* ContentView.swift in Sources */,
				C5C9A7932959261000466D87 /* WDBFontOverwriteApp.swift in Sources */,
				C5C9A7AA2959417100466D87 /* vm_unaligned_copy_switch_race.c in Sources */,
				C5C9A7A12959263A00466D87 /* OverwriteFontImpl.swift in Sources */,
			);
			runOnlyForDeploymentPostprocessing = 0;
		};
/* End PBXSourcesBuildPhase section */

/* Begin XCBuildConfiguration section */
		C5C9A79B2959261200466D87 /* Debug */ = {
			isa = XCBuildConfiguration;
			buildSettings = {
				ALWAYS_SEARCH_USER_PATHS = NO;
				CLANG_ANALYZER_NONNULL = YES;
				CLANG_ANALYZER_NUMBER_OBJECT_CONVERSION = YES_AGGRESSIVE;
				CLANG_CXX_LANGUAGE_STANDARD = "gnu++20";
				CLANG_ENABLE_MODULES = YES;
				CLANG_ENABLE_OBJC_ARC = YES;
				CLANG_ENABLE_OBJC_WEAK = YES;
				CLANG_WARN_BLOCK_CAPTURE_AUTORELEASING = YES;
				CLANG_WARN_BOOL_CONVERSION = YES;
				CLANG_WARN_COMMA = YES;
				CLANG_WARN_CONSTANT_CONVERSION = YES;
				CLANG_WARN_DEPRECATED_OBJC_IMPLEMENTATIONS = YES;
				CLANG_WARN_DIRECT_OBJC_ISA_USAGE = YES_ERROR;
				CLANG_WARN_DOCUMENTATION_COMMENTS = YES;
				CLANG_WARN_EMPTY_BODY = YES;
				CLANG_WARN_ENUM_CONVERSION = YES;
				CLANG_WARN_INFINITE_RECURSION = YES;
				CLANG_WARN_INT_CONVERSION = YES;
				CLANG_WARN_NON_LITERAL_NULL_CONVERSION = YES;
				CLANG_WARN_OBJC_IMPLICIT_RETAIN_SELF = YES;
				CLANG_WARN_OBJC_LITERAL_CONVERSION = YES;
				CLANG_WARN_OBJC_ROOT_CLASS = YES_ERROR;
				CLANG_WARN_QUOTED_INCLUDE_IN_FRAMEWORK_HEADER = YES;
				CLANG_WARN_RANGE_LOOP_ANALYSIS = YES;
				CLANG_WARN_STRICT_PROTOTYPES = YES;
				CLANG_WARN_SUSPICIOUS_MOVE = YES;
				CLANG_WARN_UNGUARDED_AVAILABILITY = YES_AGGRESSIVE;
				CLANG_WARN_UNREACHABLE_CODE = YES;
				CLANG_WARN__DUPLICATE_METHOD_MATCH = YES;
				COPY_PHASE_STRIP = NO;
				DEBUG_INFORMATION_FORMAT = dwarf;
				ENABLE_STRICT_OBJC_MSGSEND = YES;
				ENABLE_TESTABILITY = YES;
				GCC_C_LANGUAGE_STANDARD = gnu11;
				GCC_DYNAMIC_NO_PIC = NO;
				GCC_NO_COMMON_BLOCKS = YES;
				GCC_OPTIMIZATION_LEVEL = 0;
				GCC_PREPROCESSOR_DEFINITIONS = (
					"DEBUG=1",
					"$(inherited)",
				);
				GCC_WARN_64_TO_32_BIT_CONVERSION = YES;
				GCC_WARN_ABOUT_RETURN_TYPE = YES_ERROR;
				GCC_WARN_UNDECLARED_SELECTOR = YES;
				GCC_WARN_UNINITIALIZED_AUTOS = YES_AGGRESSIVE;
				GCC_WARN_UNUSED_FUNCTION = YES;
				GCC_WARN_UNUSED_VARIABLE = YES;
				IPHONEOS_DEPLOYMENT_TARGET = 16.2;
				MTL_ENABLE_DEBUG_INFO = INCLUDE_SOURCE;
				MTL_FAST_MATH = YES;
				ONLY_ACTIVE_ARCH = YES;
				SDKROOT = iphoneos;
				SWIFT_ACTIVE_COMPILATION_CONDITIONS = DEBUG;
				SWIFT_OPTIMIZATION_LEVEL = "-Onone";
			};
			name = Debug;
		};
		C5C9A79C2959261200466D87 /* Release */ = {
			isa = XCBuildConfiguration;
			buildSettings = {
				ALWAYS_SEARCH_USER_PATHS = NO;
				CLANG_ANALYZER_NONNULL = YES;
				CLANG_ANALYZER_NUMBER_OBJECT_CONVERSION = YES_AGGRESSIVE;
				CLANG_CXX_LANGUAGE_STANDARD = "gnu++20";
				CLANG_ENABLE_MODULES = YES;
				CLANG_ENABLE_OBJC_ARC = YES;
				CLANG_ENABLE_OBJC_WEAK = YES;
				CLANG_WARN_BLOCK_CAPTURE_AUTORELEASING = YES;
				CLANG_WARN_BOOL_CONVERSION = YES;
				CLANG_WARN_COMMA = YES;
				CLANG_WARN_CONSTANT_CONVERSION = YES;
				CLANG_WARN_DEPRECATED_OBJC_IMPLEMENTATIONS = YES;
				CLANG_WARN_DIRECT_OBJC_ISA_USAGE = YES_ERROR;
				CLANG_WARN_DOCUMENTATION_COMMENTS = YES;
				CLANG_WARN_EMPTY_BODY = YES;
				CLANG_WARN_ENUM_CONVERSION = YES;
				CLANG_WARN_INFINITE_RECURSION = YES;
				CLANG_WARN_INT_CONVERSION = YES;
				CLANG_WARN_NON_LITERAL_NULL_CONVERSION = YES;
				CLANG_WARN_OBJC_IMPLICIT_RETAIN_SELF = YES;
				CLANG_WARN_OBJC_LITERAL_CONVERSION = YES;
				CLANG_WARN_OBJC_ROOT_CLASS = YES_ERROR;
				CLANG_WARN_QUOTED_INCLUDE_IN_FRAMEWORK_HEADER = YES;
				CLANG_WARN_RANGE_LOOP_ANALYSIS = YES;
				CLANG_WARN_STRICT_PROTOTYPES = YES;
				CLANG_WARN_SUSPICIOUS_MOVE = YES;
				CLANG_WARN_UNGUARDED_AVAILABILITY = YES_AGGRESSIVE;
				CLANG_WARN_UNREACHABLE_CODE = YES;
				CLANG_WARN__DUPLICATE_METHOD_MATCH = YES;
				COPY_PHASE_STRIP = NO;
				DEBUG_INFORMATION_FORMAT = "dwarf-with-dsym";
				ENABLE_NS_ASSERTIONS = NO;
				ENABLE_STRICT_OBJC_MSGSEND = YES;
				GCC_C_LANGUAGE_STANDARD = gnu11;
				GCC_NO_COMMON_BLOCKS = YES;
				GCC_WARN_64_TO_32_BIT_CONVERSION = YES;
				GCC_WARN_ABOUT_RETURN_TYPE = YES_ERROR;
				GCC_WARN_UNDECLARED_SELECTOR = YES;
				GCC_WARN_UNINITIALIZED_AUTOS = YES_AGGRESSIVE;
				GCC_WARN_UNUSED_FUNCTION = YES;
				GCC_WARN_UNUSED_VARIABLE = YES;
				IPHONEOS_DEPLOYMENT_TARGET = 16.2;
				MTL_ENABLE_DEBUG_INFO = NO;
				MTL_FAST_MATH = YES;
				SDKROOT = iphoneos;
				SWIFT_COMPILATION_MODE = wholemodule;
				SWIFT_OPTIMIZATION_LEVEL = "-O";
				VALIDATE_PRODUCT = YES;
			};
			name = Release;
		};
		C5C9A79E2959261200466D87 /* Debug */ = {
			isa = XCBuildConfiguration;
			buildSettings = {
				ASSETCATALOG_COMPILER_APPICON_NAME = AppIcon;
				ASSETCATALOG_COMPILER_GLOBAL_ACCENT_COLOR_NAME = AccentColor;
				CLANG_ENABLE_MODULES = YES;
				CODE_SIGN_STYLE = Automatic;
				CURRENT_PROJECT_VERSION = 1;
				DEVELOPMENT_ASSET_PATHS = "\"WDBFontOverwrite/Preview Content\"";
				DEVELOPMENT_TEAM = 3D7RY4393N;
				ENABLE_PREVIEWS = YES;
				GENERATE_INFOPLIST_FILE = YES;
				INFOPLIST_FILE = WDBFontOverwrite/Info.plist;
				INFOPLIST_KEY_UIApplicationSceneManifest_Generation = YES;
				INFOPLIST_KEY_UIApplicationSupportsIndirectInputEvents = YES;
				INFOPLIST_KEY_UILaunchScreen_Generation = YES;
				INFOPLIST_KEY_UISupportedInterfaceOrientations_iPad = "UIInterfaceOrientationPortrait UIInterfaceOrientationPortraitUpsideDown UIInterfaceOrientationLandscapeLeft UIInterfaceOrientationLandscapeRight";
				INFOPLIST_KEY_UISupportedInterfaceOrientations_iPhone = "UIInterfaceOrientationPortrait UIInterfaceOrientationLandscapeLeft UIInterfaceOrientationLandscapeRight";
				IPHONEOS_DEPLOYMENT_TARGET = 14.0;
				LD_RUNPATH_SEARCH_PATHS = (
					"$(inherited)",
					"@executable_path/Frameworks",
				);
				MARKETING_VERSION = 1.2;
				PRODUCT_BUNDLE_IDENTIFIER = com.worthdoingbadly.WDBFontOverwrite;
				PRODUCT_NAME = "$(TARGET_NAME)";
				SWIFT_EMIT_LOC_STRINGS = YES;
				SWIFT_OBJC_BRIDGING_HEADER = "WDBFontOverwrite/WDBFontOverwrite-Bridging-Header.h";
				SWIFT_OPTIMIZATION_LEVEL = "-Onone";
				SWIFT_VERSION = 5.0;
				TARGETED_DEVICE_FAMILY = "1,2";
			};
			name = Debug;
		};
		C5C9A79F2959261200466D87 /* Release */ = {
			isa = XCBuildConfiguration;
			buildSettings = {
				ASSETCATALOG_COMPILER_APPICON_NAME = AppIcon;
				ASSETCATALOG_COMPILER_GLOBAL_ACCENT_COLOR_NAME = AccentColor;
				CLANG_ENABLE_MODULES = YES;
				CODE_SIGN_STYLE = Automatic;
				CURRENT_PROJECT_VERSION = 1;
				DEVELOPMENT_ASSET_PATHS = "\"WDBFontOverwrite/Preview Content\"";
				DEVELOPMENT_TEAM = 3D7RY4393N;
				ENABLE_PREVIEWS = YES;
				GENERATE_INFOPLIST_FILE = YES;
				INFOPLIST_FILE = WDBFontOverwrite/Info.plist;
				INFOPLIST_KEY_UIApplicationSceneManifest_Generation = YES;
				INFOPLIST_KEY_UIApplicationSupportsIndirectInputEvents = YES;
				INFOPLIST_KEY_UILaunchScreen_Generation = YES;
				INFOPLIST_KEY_UISupportedInterfaceOrientations_iPad = "UIInterfaceOrientationPortrait UIInterfaceOrientationPortraitUpsideDown UIInterfaceOrientationLandscapeLeft UIInterfaceOrientationLandscapeRight";
				INFOPLIST_KEY_UISupportedInterfaceOrientations_iPhone = "UIInterfaceOrientationPortrait UIInterfaceOrientationLandscapeLeft UIInterfaceOrientationLandscapeRight";
				IPHONEOS_DEPLOYMENT_TARGET = 14.0;
				LD_RUNPATH_SEARCH_PATHS = (
					"$(inherited)",
					"@executable_path/Frameworks",
				);
				MARKETING_VERSION = 1.2;
				PRODUCT_BUNDLE_IDENTIFIER = com.worthdoingbadly.WDBFontOverwrite;
				PRODUCT_NAME = "$(TARGET_NAME)";
				SWIFT_EMIT_LOC_STRINGS = YES;
				SWIFT_OBJC_BRIDGING_HEADER = "WDBFontOverwrite/WDBFontOverwrite-Bridging-Header.h";
				SWIFT_VERSION = 5.0;
				TARGETED_DEVICE_FAMILY = "1,2";
			};
			name = Release;
		};
/* End XCBuildConfiguration section */

/* Begin XCConfigurationList section */
		C5C9A78A2959261000466D87 /* Build configuration list for PBXProject "WDBFontOverwrite" */ = {
			isa = XCConfigurationList;
			buildConfigurations = (
				C5C9A79B2959261200466D87 /* Debug */,
				C5C9A79C2959261200466D87 /* Release */,
			);
			defaultConfigurationIsVisible = 0;
			defaultConfigurationName = Release;
		};
		C5C9A79D2959261200466D87 /* Build configuration list for PBXNativeTarget "WDBFontOverwrite" */ = {
			isa = XCConfigurationList;
			buildConfigurations = (
				C5C9A79E2959261200466D87 /* Debug */,
				C5C9A79F2959261200466D87 /* Release */,
			);
			defaultConfigurationIsVisible = 0;
			defaultConfigurationName = Release;
		};
/* End XCConfigurationList section */
	};
	rootObject = C5C9A7872959261000466D87 /* Project object */;
}
