// !$*UTF8*$!
{
	archiveVersion = 1;
	classes = {
	};
	objectVersion = 56;
	objects = {

/* Begin PBXBuildFile section */
		4F4E64A7295F9AB600D4F04D /* ContentView.ViewModel.swift in Sources */ = {isa = PBXBuildFile; fileRef = 4F4E64A6295F9AB600D4F04D /* ContentView.ViewModel.swift */; };
		4FE5EF312963E460003384EC /* NoticeView.swift in Sources */ = {isa = PBXBuildFile; fileRef = 4FE5EF302963E460003384EC /* NoticeView.swift */; };
		4FE5EF3329640075003384EC /* WDBImportCustomFontPickerViewControllerDelegate.swift in Sources */ = {isa = PBXBuildFile; fileRef = 4FE5EF3229640075003384EC /* WDBImportCustomFontPickerViewControllerDelegate.swift */; };
		4FE5EF3529653188003384EC /* FontMap.swift in Sources */ = {isa = PBXBuildFile; fileRef = 4FE5EF3429653188003384EC /* FontMap.swift */; };
		4FE5EF38296561A5003384EC /* FileEditorView.swift in Sources */ = {isa = PBXBuildFile; fileRef = 4FE5EF37296561A5003384EC /* FileEditorView.swift */; };
		4FE5EF3A296561B2003384EC /* FileEditorView.ViewModel.swift in Sources */ = {isa = PBXBuildFile; fileRef = 4FE5EF39296561B2003384EC /* FileEditorView.ViewModel.swift */; };
		4FE5EF3E29664537003384EC /* ProgressManager.swift in Sources */ = {isa = PBXBuildFile; fileRef = 4FE5EF3D29664537003384EC /* ProgressManager.swift */; };
		4FE5EF4129668C9C003384EC /* AlignedRowContentView.swift in Sources */ = {isa = PBXBuildFile; fileRef = 4FE5EF4029668C9C003384EC /* AlignedRowContentView.swift */; };
		4FE5EF452966AD87003384EC /* FontDiscoveryView.swift in Sources */ = {isa = PBXBuildFile; fileRef = 4FE5EF442966AD87003384EC /* FontDiscoveryView.swift */; };
		4FE5EF472966AD98003384EC /* FontDiscoveryView.ViewModel.swift in Sources */ = {isa = PBXBuildFile; fileRef = 4FE5EF462966AD98003384EC /* FontDiscoveryView.ViewModel.swift */; };
		4FE5EF492966AE1A003384EC /* FontDiscoveryCard.swift in Sources */ = {isa = PBXBuildFile; fileRef = 4FE5EF482966AE1A003384EC /* FontDiscoveryCard.swift */; };
		4FE5EF4B2966AE72003384EC /* FontDiscoveryCard.ViewModel.swift in Sources */ = {isa = PBXBuildFile; fileRef = 4FE5EF4A2966AE72003384EC /* FontDiscoveryCard.ViewModel.swift */; };
		C55CF774295BA37D000DE71C /* woff2_wrapper.cpp in Sources */ = {isa = PBXBuildFile; fileRef = C55CF772295BA37D000DE71C /* woff2_wrapper.cpp */; };
		C55CF776295BA9B1000DE71C /* BrotliPadding.swift in Sources */ = {isa = PBXBuildFile; fileRef = C55CF775295BA9B1000DE71C /* BrotliPadding.swift */; };
		C55CF778295BAF42000DE71C /* libwoff2enc.a in Frameworks */ = {isa = PBXBuildFile; fileRef = C55CF76E295BA346000DE71C /* libwoff2enc.a */; };
		C55CF779295BAF42000DE71C /* libwoff2common.a in Frameworks */ = {isa = PBXBuildFile; fileRef = C55CF76F295BA346000DE71C /* libwoff2common.a */; };
		C5999BFC295E69C200BBBE1F /* ttcpad.m in Sources */ = {isa = PBXBuildFile; fileRef = C5999BFB295E69C100BBBE1F /* ttcpad.m */; };
		C5999BFF295E769700BBBE1F /* stripttc.c in Sources */ = {isa = PBXBuildFile; fileRef = C5999BFE295E769700BBBE1F /* stripttc.c */; };
		C5A95F46295964AE00C58FDB /* PreviewFonts in Resources */ = {isa = PBXBuildFile; fileRef = C5A95F45295964AE00C58FDB /* PreviewFonts */; };
		C5C9A7932959261000466D87 /* WDBFontOverwriteApp.swift in Sources */ = {isa = PBXBuildFile; fileRef = C5C9A7922959261000466D87 /* WDBFontOverwriteApp.swift */; };
		C5C9A7952959261000466D87 /* ContentView.swift in Sources */ = {isa = PBXBuildFile; fileRef = C5C9A7942959261000466D87 /* ContentView.swift */; };
		C5C9A7972959261200466D87 /* Assets.xcassets in Resources */ = {isa = PBXBuildFile; fileRef = C5C9A7962959261200466D87 /* Assets.xcassets */; };
		C5C9A79A2959261200466D87 /* Preview Assets.xcassets in Resources */ = {isa = PBXBuildFile; fileRef = C5C9A7992959261200466D87 /* Preview Assets.xcassets */; };
		C5C9A7A12959263A00466D87 /* OverwriteFontImpl.swift in Sources */ = {isa = PBXBuildFile; fileRef = C5C9A7A02959263A00466D87 /* OverwriteFontImpl.swift */; };
		C5C9A7A32959341600466D87 /* RepackedFonts in Resources */ = {isa = PBXBuildFile; fileRef = C5C9A7A22959341600466D87 /* RepackedFonts */; };
		C5C9A7AA2959417100466D87 /* vm_unaligned_copy_switch_race.c in Sources */ = {isa = PBXBuildFile; fileRef = C5C9A7A92959417100466D87 /* vm_unaligned_copy_switch_race.c */; };
/* End PBXBuildFile section */

/* Begin PBXFileReference section */
		4F4E64A6295F9AB600D4F04D /* ContentView.ViewModel.swift */ = {isa = PBXFileReference; lastKnownFileType = sourcecode.swift; path = ContentView.ViewModel.swift; sourceTree = "<group>"; };
		4FE5EF302963E460003384EC /* NoticeView.swift */ = {isa = PBXFileReference; lastKnownFileType = sourcecode.swift; path = NoticeView.swift; sourceTree = "<group>"; };
		4FE5EF3229640075003384EC /* WDBImportCustomFontPickerViewControllerDelegate.swift */ = {isa = PBXFileReference; lastKnownFileType = sourcecode.swift; path = WDBImportCustomFontPickerViewControllerDelegate.swift; sourceTree = "<group>"; };
		4FE5EF3429653188003384EC /* FontMap.swift */ = {isa = PBXFileReference; lastKnownFileType = sourcecode.swift; path = FontMap.swift; sourceTree = "<group>"; };
		4FE5EF37296561A5003384EC /* FileEditorView.swift */ = {isa = PBXFileReference; lastKnownFileType = sourcecode.swift; path = FileEditorView.swift; sourceTree = "<group>"; };
		4FE5EF39296561B2003384EC /* FileEditorView.ViewModel.swift */ = {isa = PBXFileReference; lastKnownFileType = sourcecode.swift; path = FileEditorView.ViewModel.swift; sourceTree = "<group>"; };
		4FE5EF3D29664537003384EC /* ProgressManager.swift */ = {isa = PBXFileReference; lastKnownFileType = sourcecode.swift; path = ProgressManager.swift; sourceTree = "<group>"; };
		4FE5EF4029668C9C003384EC /* AlignedRowContentView.swift */ = {isa = PBXFileReference; lastKnownFileType = sourcecode.swift; path = AlignedRowContentView.swift; sourceTree = "<group>"; };
		4FE5EF442966AD87003384EC /* FontDiscoveryView.swift */ = {isa = PBXFileReference; lastKnownFileType = sourcecode.swift; path = FontDiscoveryView.swift; sourceTree = "<group>"; };
		4FE5EF462966AD98003384EC /* FontDiscoveryView.ViewModel.swift */ = {isa = PBXFileReference; lastKnownFileType = sourcecode.swift; path = FontDiscoveryView.ViewModel.swift; sourceTree = "<group>"; };
		4FE5EF482966AE1A003384EC /* FontDiscoveryCard.swift */ = {isa = PBXFileReference; lastKnownFileType = sourcecode.swift; path = FontDiscoveryCard.swift; sourceTree = "<group>"; };
		4FE5EF4A2966AE72003384EC /* FontDiscoveryCard.ViewModel.swift */ = {isa = PBXFileReference; lastKnownFileType = sourcecode.swift; path = FontDiscoveryCard.ViewModel.swift; sourceTree = "<group>"; };
		C55CF76E295BA346000DE71C /* libwoff2enc.a */ = {isa = PBXFileReference; lastKnownFileType = archive.ar; path = libwoff2enc.a; sourceTree = "<group>"; };
		C55CF76F295BA346000DE71C /* libwoff2common.a */ = {isa = PBXFileReference; lastKnownFileType = archive.ar; path = libwoff2common.a; sourceTree = "<group>"; };
		C55CF772295BA37D000DE71C /* woff2_wrapper.cpp */ = {isa = PBXFileReference; lastKnownFileType = sourcecode.cpp.cpp; path = woff2_wrapper.cpp; sourceTree = "<group>"; };
		C55CF773295BA37D000DE71C /* woff2_wrapper.h */ = {isa = PBXFileReference; lastKnownFileType = sourcecode.c.h; path = woff2_wrapper.h; sourceTree = "<group>"; };
		C55CF775295BA9B1000DE71C /* BrotliPadding.swift */ = {isa = PBXFileReference; fileEncoding = 4; indentWidth = 4; lastKnownFileType = sourcecode.swift; path = BrotliPadding.swift; sourceTree = "<group>"; tabWidth = 4; usesTabs = 0; };
		C561309C295E7C66004FE863 /* stripttc.h */ = {isa = PBXFileReference; lastKnownFileType = sourcecode.c.h; path = stripttc.h; sourceTree = "<group>"; };
		C5999BFB295E69C100BBBE1F /* ttcpad.m */ = {isa = PBXFileReference; fileEncoding = 4; lastKnownFileType = sourcecode.c.objc; path = ttcpad.m; sourceTree = "<group>"; };
		C5999BFD295E6A4A00BBBE1F /* ttcpad.h */ = {isa = PBXFileReference; lastKnownFileType = sourcecode.c.h; path = ttcpad.h; sourceTree = "<group>"; };
		C5999BFE295E769700BBBE1F /* stripttc.c */ = {isa = PBXFileReference; fileEncoding = 4; lastKnownFileType = sourcecode.c.c; path = stripttc.c; sourceTree = "<group>"; };
		C5A95F45295964AE00C58FDB /* PreviewFonts */ = {isa = PBXFileReference; lastKnownFileType = folder; path = PreviewFonts; sourceTree = "<group>"; };
		C5C9A78F2959261000466D87 /* WDBFontOverwrite.app */ = {isa = PBXFileReference; explicitFileType = wrapper.application; includeInIndex = 0; path = WDBFontOverwrite.app; sourceTree = BUILT_PRODUCTS_DIR; };
		C5C9A7922959261000466D87 /* WDBFontOverwriteApp.swift */ = {isa = PBXFileReference; lastKnownFileType = sourcecode.swift; path = WDBFontOverwriteApp.swift; sourceTree = "<group>"; };
		C5C9A7942959261000466D87 /* ContentView.swift */ = {isa = PBXFileReference; lastKnownFileType = sourcecode.swift; path = ContentView.swift; sourceTree = "<group>"; };
		C5C9A7962959261200466D87 /* Assets.xcassets */ = {isa = PBXFileReference; lastKnownFileType = folder.assetcatalog; path = Assets.xcassets; sourceTree = "<group>"; };
		C5C9A7992959261200466D87 /* Preview Assets.xcassets */ = {isa = PBXFileReference; lastKnownFileType = folder.assetcatalog; path = "Preview Assets.xcassets"; sourceTree = "<group>"; };
		C5C9A7A02959263A00466D87 /* OverwriteFontImpl.swift */ = {isa = PBXFileReference; lastKnownFileType = sourcecode.swift; path = OverwriteFontImpl.swift; sourceTree = "<group>"; };
		C5C9A7A22959341600466D87 /* RepackedFonts */ = {isa = PBXFileReference; lastKnownFileType = folder; path = RepackedFonts; sourceTree = "<group>"; };
		C5C9A7A72959351A00466D87 /* Info.plist */ = {isa = PBXFileReference; lastKnownFileType = text.plist; path = Info.plist; sourceTree = "<group>"; };
		C5C9A7A82959417100466D87 /* WDBFontOverwrite-Bridging-Header.h */ = {isa = PBXFileReference; lastKnownFileType = sourcecode.c.h; path = "WDBFontOverwrite-Bridging-Header.h"; sourceTree = "<group>"; };
		C5C9A7A92959417100466D87 /* vm_unaligned_copy_switch_race.c */ = {isa = PBXFileReference; fileEncoding = 4; lastKnownFileType = sourcecode.c.c; path = vm_unaligned_copy_switch_race.c; sourceTree = "<group>"; };
		C5C9A7AB2959438600466D87 /* vm_unaligned_copy_switch_race.h */ = {isa = PBXFileReference; lastKnownFileType = sourcecode.c.h; path = vm_unaligned_copy_switch_race.h; sourceTree = "<group>"; };
/* End PBXFileReference section */

/* Begin PBXFrameworksBuildPhase section */
		C5C9A78C2959261000466D87 /* Frameworks */ = {
			isa = PBXFrameworksBuildPhase;
			buildActionMask = 2147483647;
			files = (
				C55CF778295BAF42000DE71C /* libwoff2enc.a in Frameworks */,
				C55CF779295BAF42000DE71C /* libwoff2common.a in Frameworks */,
			);
			runOnlyForDeploymentPostprocessing = 0;
		};
/* End PBXFrameworksBuildPhase section */

/* Begin PBXGroup section */
		4FE5EF362965617D003384EC /* FileEditor */ = {
			isa = PBXGroup;
			children = (
				4FE5EF37296561A5003384EC /* FileEditorView.swift */,
				4FE5EF39296561B2003384EC /* FileEditorView.ViewModel.swift */,
			);
			path = FileEditor;
			sourceTree = "<group>";
		};
		4FE5EF3C2966452A003384EC /* Progress */ = {
			isa = PBXGroup;
			children = (
				4FE5EF3D29664537003384EC /* ProgressManager.swift */,
			);
			path = Progress;
			sourceTree = "<group>";
		};
		4FE5EF3F29668BF2003384EC /* MainInterface */ = {
			isa = PBXGroup;
			children = (
				4FE5EF432966AD68003384EC /* FontDiscovery */,
				4FE5EF362965617D003384EC /* FileEditor */,
				C5C9A7942959261000466D87 /* ContentView.swift */,
				4F4E64A6295F9AB600D4F04D /* ContentView.ViewModel.swift */,
				4FE5EF302963E460003384EC /* NoticeView.swift */,
				4FE5EF4029668C9C003384EC /* AlignedRowContentView.swift */,
			);
			path = MainInterface;
			sourceTree = "<group>";
		};
		4FE5EF432966AD68003384EC /* FontDiscovery */ = {
			isa = PBXGroup;
			children = (
				4FE5EF442966AD87003384EC /* FontDiscoveryView.swift */,
				4FE5EF462966AD98003384EC /* FontDiscoveryView.ViewModel.swift */,
				4FE5EF482966AE1A003384EC /* FontDiscoveryCard.swift */,
				4FE5EF4A2966AE72003384EC /* FontDiscoveryCard.ViewModel.swift */,
			);
			path = FontDiscovery;
			sourceTree = "<group>";
		};
		C55CF777295BAF42000DE71C /* Frameworks */ = {
			isa = PBXGroup;
			children = (
			);
			name = Frameworks;
			sourceTree = "<group>";
		};
		C5C9A7862959261000466D87 = {
			isa = PBXGroup;
			children = (
				C5C9A7912959261000466D87 /* WDBFontOverwrite */,
				C5C9A7902959261000466D87 /* Products */,
				C55CF777295BAF42000DE71C /* Frameworks */,
			);
			sourceTree = "<group>";
		};
		C5C9A7902959261000466D87 /* Products */ = {
			isa = PBXGroup;
			children = (
				C5C9A78F2959261000466D87 /* WDBFontOverwrite.app */,
			);
			name = Products;
			sourceTree = "<group>";
		};
		C5C9A7912959261000466D87 /* WDBFontOverwrite */ = {
			isa = PBXGroup;
			children = (
				C5C9A7A72959351A00466D87 /* Info.plist */,
				C5A95F45295964AE00C58FDB /* PreviewFonts */,
				C5C9A7A22959341600466D87 /* RepackedFonts */,
				4FE5EF3F29668BF2003384EC /* MainInterface */,
				4FE5EF3C2966452A003384EC /* Progress */,
				C55CF775295BA9B1000DE71C /* BrotliPadding.swift */,
				4FE5EF3429653188003384EC /* FontMap.swift */,
				C5C9A7A02959263A00466D87 /* OverwriteFontImpl.swift */,
				C5C9A7922959261000466D87 /* WDBFontOverwriteApp.swift */,
				4FE5EF3229640075003384EC /* WDBImportCustomFontPickerViewControllerDelegate.swift */,
				C5C9A7962959261200466D87 /* Assets.xcassets */,
				C5C9A7A92959417100466D87 /* vm_unaligned_copy_switch_race.c */,
				C5C9A7AB2959438600466D87 /* vm_unaligned_copy_switch_race.h */,
				C5C9A7A82959417100466D87 /* WDBFontOverwrite-Bridging-Header.h */,
				C55CF76F295BA346000DE71C /* libwoff2common.a */,
				C55CF76E295BA346000DE71C /* libwoff2enc.a */,
				C55CF772295BA37D000DE71C /* woff2_wrapper.cpp */,
				C55CF773295BA37D000DE71C /* woff2_wrapper.h */,
				C5999BFB295E69C100BBBE1F /* ttcpad.m */,
				C5999BFD295E6A4A00BBBE1F /* ttcpad.h */,
				C5999BFE295E769700BBBE1F /* stripttc.c */,
				C561309C295E7C66004FE863 /* stripttc.h */,
				C5C9A7982959261200466D87 /* Preview Content */,
			);
			path = WDBFontOverwrite;
			sourceTree = "<group>";
		};
		C5C9A7982959261200466D87 /* Preview Content */ = {
			isa = PBXGroup;
			children = (
				C5C9A7992959261200466D87 /* Preview Assets.xcassets */,
			);
			path = "Preview Content";
			sourceTree = "<group>";
		};
/* End PBXGroup section */

/* Begin PBXNativeTarget section */
		C5C9A78E2959261000466D87 /* WDBFontOverwrite */ = {
			isa = PBXNativeTarget;
			buildConfigurationList = C5C9A79D2959261200466D87 /* Build configuration list for PBXNativeTarget "WDBFontOverwrite" */;
			buildPhases = (
				C5C9A78B2959261000466D87 /* Sources */,
				C5C9A78C2959261000466D87 /* Frameworks */,
				C5C9A78D2959261000466D87 /* Resources */,
			);
			buildRules = (
			);
			dependencies = (
			);
			name = WDBFontOverwrite;
			productName = WDBFontOverwrite;
			productReference = C5C9A78F2959261000466D87 /* WDBFontOverwrite.app */;
			productType = "com.apple.product-type.application";
		};
/* End PBXNativeTarget section */

/* Begin PBXProject section */
		C5C9A7872959261000466D87 /* Project object */ = {
			isa = PBXProject;
			attributes = {
				BuildIndependentTargetsInParallel = 1;
				LastSwiftUpdateCheck = 1420;
				LastUpgradeCheck = 1420;
				TargetAttributes = {
					C5C9A78E2959261000466D87 = {
						CreatedOnToolsVersion = 14.2;
						LastSwiftMigration = 1420;
					};
				};
			};
			buildConfigurationList = C5C9A78A2959261000466D87 /* Build configuration list for PBXProject "WDBFontOverwrite" */;
			compatibilityVersion = "Xcode 14.0";
			developmentRegion = en;
			hasScannedForEncodings = 0;
			knownRegions = (
				en,
				Base,
			);
			mainGroup = C5C9A7862959261000466D87;
			productRefGroup = C5C9A7902959261000466D87 /* Products */;
			projectDirPath = "";
			projectRoot = "";
			targets = (
				C5C9A78E2959261000466D87 /* WDBFontOverwrite */,
			);
		};
/* End PBXProject section */

/* Begin PBXResourcesBuildPhase section */
		C5C9A78D2959261000466D87 /* Resources */ = {
			isa = PBXResourcesBuildPhase;
			buildActionMask = 2147483647;
			files = (
				C5A95F46295964AE00C58FDB /* PreviewFonts in Resources */,
				C5C9A79A2959261200466D87 /* Preview Assets.xcassets in Resources */,
				C5C9A7A32959341600466D87 /* RepackedFonts in Resources */,
				C5C9A7972959261200466D87 /* Assets.xcassets in Resources */,
			);
			runOnlyForDeploymentPostprocessing = 0;
		};
/* End PBXResourcesBuildPhase section */

/* Begin PBXSourcesBuildPhase section */
		C5C9A78B2959261000466D87 /* Sources */ = {
			isa = PBXSourcesBuildPhase;
			buildActionMask = 2147483647;
			files = (
				C5999BFF295E769700BBBE1F /* stripttc.c in Sources */,
				4FE5EF3A296561B2003384EC /* FileEditorView.ViewModel.swift in Sources */,
				C5C9A7952959261000466D87 /* ContentView.swift in Sources */,
				4FE5EF4B2966AE72003384EC /* FontDiscoveryCard.ViewModel.swift in Sources */,
				C55CF776295BA9B1000DE71C /* BrotliPadding.swift in Sources */,
				4FE5EF3E29664537003384EC /* ProgressManager.swift in Sources */,
				4FE5EF452966AD87003384EC /* FontDiscoveryView.swift in Sources */,
				C5C9A7932959261000466D87 /* WDBFontOverwriteApp.swift in Sources */,
				4FE5EF38296561A5003384EC /* FileEditorView.swift in Sources */,
				4FE5EF472966AD98003384EC /* FontDiscoveryView.ViewModel.swift in Sources */,
				C5C9A7AA2959417100466D87 /* vm_unaligned_copy_switch_race.c in Sources */,
				4FE5EF4129668C9C003384EC /* AlignedRowContentView.swift in Sources */,
				4FE5EF492966AE1A003384EC /* FontDiscoveryCard.swift in Sources */,
				4FE5EF3529653188003384EC /* FontMap.swift in Sources */,
				C5999BFC295E69C200BBBE1F /* ttcpad.m in Sources */,
				4FE5EF312963E460003384EC /* NoticeView.swift in Sources */,
				4FE5EF3329640075003384EC /* WDBImportCustomFontPickerViewControllerDelegate.swift in Sources */,
				C5C9A7A12959263A00466D87 /* OverwriteFontImpl.swift in Sources */,
				C55CF774295BA37D000DE71C /* woff2_wrapper.cpp in Sources */,
				4F4E64A7295F9AB600D4F04D /* ContentView.ViewModel.swift in Sources */,
			);
			runOnlyForDeploymentPostprocessing = 0;
		};
/* End PBXSourcesBuildPhase section */

/* Begin XCBuildConfiguration section */
		C5C9A79B2959261200466D87 /* Debug */ = {
			isa = XCBuildConfiguration;
			buildSettings = {
				ALWAYS_SEARCH_USER_PATHS = NO;
				CLANG_ANALYZER_NONNULL = YES;
				CLANG_ANALYZER_NUMBER_OBJECT_CONVERSION = YES_AGGRESSIVE;
				CLANG_CXX_LANGUAGE_STANDARD = "gnu++20";
				CLANG_ENABLE_MODULES = YES;
				CLANG_ENABLE_OBJC_ARC = YES;
				CLANG_ENABLE_OBJC_WEAK = YES;
				CLANG_WARN_BLOCK_CAPTURE_AUTORELEASING = YES;
				CLANG_WARN_BOOL_CONVERSION = YES;
				CLANG_WARN_COMMA = YES;
				CLANG_WARN_CONSTANT_CONVERSION = YES;
				CLANG_WARN_DEPRECATED_OBJC_IMPLEMENTATIONS = YES;
				CLANG_WARN_DIRECT_OBJC_ISA_USAGE = YES_ERROR;
				CLANG_WARN_DOCUMENTATION_COMMENTS = YES;
				CLANG_WARN_EMPTY_BODY = YES;
				CLANG_WARN_ENUM_CONVERSION = YES;
				CLANG_WARN_INFINITE_RECURSION = YES;
				CLANG_WARN_INT_CONVERSION = YES;
				CLANG_WARN_NON_LITERAL_NULL_CONVERSION = YES;
				CLANG_WARN_OBJC_IMPLICIT_RETAIN_SELF = YES;
				CLANG_WARN_OBJC_LITERAL_CONVERSION = YES;
				CLANG_WARN_OBJC_ROOT_CLASS = YES_ERROR;
				CLANG_WARN_QUOTED_INCLUDE_IN_FRAMEWORK_HEADER = YES;
				CLANG_WARN_RANGE_LOOP_ANALYSIS = YES;
				CLANG_WARN_STRICT_PROTOTYPES = YES;
				CLANG_WARN_SUSPICIOUS_MOVE = YES;
				CLANG_WARN_UNGUARDED_AVAILABILITY = YES_AGGRESSIVE;
				CLANG_WARN_UNREACHABLE_CODE = YES;
				CLANG_WARN__DUPLICATE_METHOD_MATCH = YES;
				COPY_PHASE_STRIP = NO;
				DEBUG_INFORMATION_FORMAT = dwarf;
				ENABLE_STRICT_OBJC_MSGSEND = YES;
				ENABLE_TESTABILITY = YES;
				GCC_C_LANGUAGE_STANDARD = gnu11;
				GCC_DYNAMIC_NO_PIC = NO;
				GCC_NO_COMMON_BLOCKS = YES;
				GCC_OPTIMIZATION_LEVEL = 0;
				GCC_PREPROCESSOR_DEFINITIONS = (
					"DEBUG=1",
					"$(inherited)",
				);
				GCC_WARN_64_TO_32_BIT_CONVERSION = YES;
				GCC_WARN_ABOUT_RETURN_TYPE = YES_ERROR;
				GCC_WARN_UNDECLARED_SELECTOR = YES;
				GCC_WARN_UNINITIALIZED_AUTOS = YES_AGGRESSIVE;
				GCC_WARN_UNUSED_FUNCTION = YES;
				GCC_WARN_UNUSED_VARIABLE = YES;
				IPHONEOS_DEPLOYMENT_TARGET = 16.2;
				MTL_ENABLE_DEBUG_INFO = INCLUDE_SOURCE;
				MTL_FAST_MATH = YES;
				ONLY_ACTIVE_ARCH = YES;
				SDKROOT = iphoneos;
				SWIFT_ACTIVE_COMPILATION_CONDITIONS = DEBUG;
				SWIFT_OPTIMIZATION_LEVEL = "-Onone";
			};
			name = Debug;
		};
		C5C9A79C2959261200466D87 /* Release */ = {
			isa = XCBuildConfiguration;
			buildSettings = {
				ALWAYS_SEARCH_USER_PATHS = NO;
				CLANG_ANALYZER_NONNULL = YES;
				CLANG_ANALYZER_NUMBER_OBJECT_CONVERSION = YES_AGGRESSIVE;
				CLANG_CXX_LANGUAGE_STANDARD = "gnu++20";
				CLANG_ENABLE_MODULES = YES;
				CLANG_ENABLE_OBJC_ARC = YES;
				CLANG_ENABLE_OBJC_WEAK = YES;
				CLANG_WARN_BLOCK_CAPTURE_AUTORELEASING = YES;
				CLANG_WARN_BOOL_CONVERSION = YES;
				CLANG_WARN_COMMA = YES;
				CLANG_WARN_CONSTANT_CONVERSION = YES;
				CLANG_WARN_DEPRECATED_OBJC_IMPLEMENTATIONS = YES;
				CLANG_WARN_DIRECT_OBJC_ISA_USAGE = YES_ERROR;
				CLANG_WARN_DOCUMENTATION_COMMENTS = YES;
				CLANG_WARN_EMPTY_BODY = YES;
				CLANG_WARN_ENUM_CONVERSION = YES;
				CLANG_WARN_INFINITE_RECURSION = YES;
				CLANG_WARN_INT_CONVERSION = YES;
				CLANG_WARN_NON_LITERAL_NULL_CONVERSION = YES;
				CLANG_WARN_OBJC_IMPLICIT_RETAIN_SELF = YES;
				CLANG_WARN_OBJC_LITERAL_CONVERSION = YES;
				CLANG_WARN_OBJC_ROOT_CLASS = YES_ERROR;
				CLANG_WARN_QUOTED_INCLUDE_IN_FRAMEWORK_HEADER = YES;
				CLANG_WARN_RANGE_LOOP_ANALYSIS = YES;
				CLANG_WARN_STRICT_PROTOTYPES = YES;
				CLANG_WARN_SUSPICIOUS_MOVE = YES;
				CLANG_WARN_UNGUARDED_AVAILABILITY = YES_AGGRESSIVE;
				CLANG_WARN_UNREACHABLE_CODE = YES;
				CLANG_WARN__DUPLICATE_METHOD_MATCH = YES;
				COPY_PHASE_STRIP = NO;
				DEBUG_INFORMATION_FORMAT = "dwarf-with-dsym";
				ENABLE_NS_ASSERTIONS = NO;
				ENABLE_STRICT_OBJC_MSGSEND = YES;
				GCC_C_LANGUAGE_STANDARD = gnu11;
				GCC_NO_COMMON_BLOCKS = YES;
				GCC_WARN_64_TO_32_BIT_CONVERSION = YES;
				GCC_WARN_ABOUT_RETURN_TYPE = YES_ERROR;
				GCC_WARN_UNDECLARED_SELECTOR = YES;
				GCC_WARN_UNINITIALIZED_AUTOS = YES_AGGRESSIVE;
				GCC_WARN_UNUSED_FUNCTION = YES;
				GCC_WARN_UNUSED_VARIABLE = YES;
				IPHONEOS_DEPLOYMENT_TARGET = 16.2;
				MTL_ENABLE_DEBUG_INFO = NO;
				MTL_FAST_MATH = YES;
				SDKROOT = iphoneos;
				SWIFT_COMPILATION_MODE = wholemodule;
				SWIFT_OPTIMIZATION_LEVEL = "-O";
				VALIDATE_PRODUCT = YES;
			};
			name = Release;
		};
		C5C9A79E2959261200466D87 /* Debug */ = {
			isa = XCBuildConfiguration;
			buildSettings = {
				ASSETCATALOG_COMPILER_APPICON_NAME = AppIcon;
				ASSETCATALOG_COMPILER_GLOBAL_ACCENT_COLOR_NAME = AccentColor;
				CLANG_ENABLE_MODULES = YES;
				CODE_SIGN_STYLE = Automatic;
				CURRENT_PROJECT_VERSION = 1;
				DEVELOPMENT_ASSET_PATHS = "\"WDBFontOverwrite/Preview Content\"";
				DEVELOPMENT_TEAM = WNUZX4NA7T;
				ENABLE_PREVIEWS = YES;
				GENERATE_INFOPLIST_FILE = YES;
				INFOPLIST_FILE = WDBFontOverwrite/Info.plist;
				INFOPLIST_KEY_UIApplicationSceneManifest_Generation = YES;
				INFOPLIST_KEY_UIApplicationSupportsIndirectInputEvents = YES;
				INFOPLIST_KEY_UILaunchScreen_Generation = YES;
				INFOPLIST_KEY_UISupportedInterfaceOrientations_iPad = "UIInterfaceOrientationPortrait UIInterfaceOrientationPortraitUpsideDown UIInterfaceOrientationLandscapeLeft UIInterfaceOrientationLandscapeRight";
				INFOPLIST_KEY_UISupportedInterfaceOrientations_iPhone = "UIInterfaceOrientationPortrait UIInterfaceOrientationLandscapeLeft UIInterfaceOrientationLandscapeRight";
				IPHONEOS_DEPLOYMENT_TARGET = 14.0;
				LD_RUNPATH_SEARCH_PATHS = (
					"$(inherited)",
					"@executable_path/Frameworks",
				);
				LIBRARY_SEARCH_PATHS = (
					"$(inherited)",
					"$(PROJECT_DIR)/WDBFontOverwrite",
				);
				MARKETING_VERSION = 1.10.1;
				PRODUCT_BUNDLE_IDENTIFIER = com.ginsudev.WDBFontOverwrite;
				PRODUCT_NAME = "$(TARGET_NAME)";
				SWIFT_EMIT_LOC_STRINGS = YES;
				SWIFT_OBJC_BRIDGING_HEADER = "WDBFontOverwrite/WDBFontOverwrite-Bridging-Header.h";
				SWIFT_OPTIMIZATION_LEVEL = "-Onone";
				SWIFT_VERSION = 5.0;
				TARGETED_DEVICE_FAMILY = "1,2";
			};
			name = Debug;
		};
		C5C9A79F2959261200466D87 /* Release */ = {
			isa = XCBuildConfiguration;
			buildSettings = {
				ASSETCATALOG_COMPILER_APPICON_NAME = AppIcon;
				ASSETCATALOG_COMPILER_GLOBAL_ACCENT_COLOR_NAME = AccentColor;
				CLANG_ENABLE_MODULES = YES;
				CODE_SIGN_STYLE = Automatic;
				CURRENT_PROJECT_VERSION = 1;
				DEVELOPMENT_ASSET_PATHS = "\"WDBFontOverwrite/Preview Content\"";
				DEVELOPMENT_TEAM = WNUZX4NA7T;
				ENABLE_PREVIEWS = YES;
				GENERATE_INFOPLIST_FILE = YES;
				INFOPLIST_FILE = WDBFontOverwrite/Info.plist;
				INFOPLIST_KEY_UIApplicationSceneManifest_Generation = YES;
				INFOPLIST_KEY_UIApplicationSupportsIndirectInputEvents = YES;
				INFOPLIST_KEY_UILaunchScreen_Generation = YES;
				INFOPLIST_KEY_UISupportedInterfaceOrientations_iPad = "UIInterfaceOrientationPortrait UIInterfaceOrientationPortraitUpsideDown UIInterfaceOrientationLandscapeLeft UIInterfaceOrientationLandscapeRight";
				INFOPLIST_KEY_UISupportedInterfaceOrientations_iPhone = "UIInterfaceOrientationPortrait UIInterfaceOrientationLandscapeLeft UIInterfaceOrientationLandscapeRight";
				IPHONEOS_DEPLOYMENT_TARGET = 14.0;
				LD_RUNPATH_SEARCH_PATHS = (
					"$(inherited)",
					"@executable_path/Frameworks",
				);
				LIBRARY_SEARCH_PATHS = (
					"$(inherited)",
					"$(PROJECT_DIR)/WDBFontOverwrite",
				);
				MARKETING_VERSION = 1.10.1;
				PRODUCT_BUNDLE_IDENTIFIER = com.ginsudev.WDBFontOverwrite;
				PRODUCT_NAME = "$(TARGET_NAME)";
				SWIFT_EMIT_LOC_STRINGS = YES;
				SWIFT_OBJC_BRIDGING_HEADER = "WDBFontOverwrite/WDBFontOverwrite-Bridging-Header.h";
				SWIFT_VERSION = 5.0;
				TARGETED_DEVICE_FAMILY = "1,2";
			};
			name = Release;
		};
/* End XCBuildConfiguration section */

/* Begin XCConfigurationList section */
		C5C9A78A2959261000466D87 /* Build configuration list for PBXProject "WDBFontOverwrite" */ = {
			isa = XCConfigurationList;
			buildConfigurations = (
				C5C9A79B2959261200466D87 /* Debug */,
				C5C9A79C2959261200466D87 /* Release */,
			);
			defaultConfigurationIsVisible = 0;
			defaultConfigurationName = Release;
		};
		C5C9A79D2959261200466D87 /* Build configuration list for PBXNativeTarget "WDBFontOverwrite" */ = {
			isa = XCConfigurationList;
			buildConfigurations = (
				C5C9A79E2959261200466D87 /* Debug */,
				C5C9A79F2959261200466D87 /* Release */,
			);
			defaultConfigurationIsVisible = 0;
			defaultConfigurationName = Release;
		};
/* End XCConfigurationList section */
	};
	rootObject = C5C9A7872959261000466D87 /* Project object */;
}
